// !$*UTF8*$!
{
	archiveVersion = 1;
	classes = {
	};
	objectVersion = 46;
	objects = {

/* Begin PBXBuildFile section */
		00E356F31AD99517003FC87E /* saleseyesTests.m in Sources */ = {isa = PBXBuildFile; fileRef = 00E356F21AD99517003FC87E /* saleseyesTests.m */; };
		13B07FBC1A68108700A75B9A /* AppDelegate.m in Sources */ = {isa = PBXBuildFile; fileRef = 13B07FB01A68108700A75B9A /* AppDelegate.m */; };
		13B07FBF1A68108700A75B9A /* Images.xcassets in Resources */ = {isa = PBXBuildFile; fileRef = 13B07FB51A68108700A75B9A /* Images.xcassets */; };
		13B07FC11A68108700A75B9A /* main.m in Sources */ = {isa = PBXBuildFile; fileRef = 13B07FB71A68108700A75B9A /* main.m */; };
		2D02E4BC1E0B4A80006451C7 /* AppDelegate.m in Sources */ = {isa = PBXBuildFile; fileRef = 13B07FB01A68108700A75B9A /* AppDelegate.m */; };
		2D02E4BD1E0B4A84006451C7 /* Images.xcassets in Resources */ = {isa = PBXBuildFile; fileRef = 13B07FB51A68108700A75B9A /* Images.xcassets */; };
		2D02E4BF1E0B4AB3006451C7 /* main.m in Sources */ = {isa = PBXBuildFile; fileRef = 13B07FB71A68108700A75B9A /* main.m */; };
		2DCD954D1E0B4F2C00145EB5 /* saleseyesTests.m in Sources */ = {isa = PBXBuildFile; fileRef = 00E356F21AD99517003FC87E /* saleseyesTests.m */; };
		5C54838CC51ABF79418C49FA /* libPods-saleseyes-tvOSTests.a in Frameworks */ = {isa = PBXBuildFile; fileRef = 6510A38C79DFBB82FBE62242 /* libPods-saleseyes-tvOSTests.a */; };
		81AB9BB82411601600AC10FF /* LaunchScreen.storyboard in Resources */ = {isa = PBXBuildFile; fileRef = 81AB9BB72411601600AC10FF /* LaunchScreen.storyboard */; };
		B14E0DE2C56BCE00D61FFBB5 /* libPods-saleseyes.a in Frameworks */ = {isa = PBXBuildFile; fileRef = F02A4DBDF9D3386590B6D6B6 /* libPods-saleseyes.a */; };
		C99B8529C9C5B0014FF99E68 /* libPods-saleseyes-saleseyesTests.a in Frameworks */ = {isa = PBXBuildFile; fileRef = 38E28FA13B071CB67EA9B048 /* libPods-saleseyes-saleseyesTests.a */; };
		E5D5F652AF3953A16BE63EC4 /* libPods-saleseyes-tvOS.a in Frameworks */ = {isa = PBXBuildFile; fileRef = 27E5CFA99281F1E0483205DE /* libPods-saleseyes-tvOS.a */; };
		E9F566BD24E418EB0057DD74 /* MyriadPro-Black.otf in Resources */ = {isa = PBXBuildFile; fileRef = E9F566B224E418CD0057DD74 /* MyriadPro-Black.otf */; };
		E9F566BE24E418F50057DD74 /* MyriadPro-Bold.otf in Resources */ = {isa = PBXBuildFile; fileRef = E9F566B024E418CD0057DD74 /* MyriadPro-Bold.otf */; };
		E9F566BF24E418F50057DD74 /* MyriadPro-BoldCond.otf in Resources */ = {isa = PBXBuildFile; fileRef = E9F566BA24E418CD0057DD74 /* MyriadPro-BoldCond.otf */; };
		E9F566C024E418F50057DD74 /* MyriadPro-BoldCondIt.otf in Resources */ = {isa = PBXBuildFile; fileRef = E9F566B424E418CD0057DD74 /* MyriadPro-BoldCondIt.otf */; };
		E9F566C124E418F50057DD74 /* MyriadPro-BoldIt.otf in Resources */ = {isa = PBXBuildFile; fileRef = E9F566B724E418CD0057DD74 /* MyriadPro-BoldIt.otf */; };
		E9F566C224E418F50057DD74 /* MyriadPro-Cond.otf in Resources */ = {isa = PBXBuildFile; fileRef = E9F566B324E418CD0057DD74 /* MyriadPro-Cond.otf */; };
		E9F566C324E418F50057DD74 /* MyriadPro-CondIt.otf in Resources */ = {isa = PBXBuildFile; fileRef = E9F566AF24E418CC0057DD74 /* MyriadPro-CondIt.otf */; };
		E9F566C424E418F50057DD74 /* MyriadPro-It.otf in Resources */ = {isa = PBXBuildFile; fileRef = E9F566BC24E418CD0057DD74 /* MyriadPro-It.otf */; };
		E9F566C524E418F50057DD74 /* MyriadPro-Light.otf in Resources */ = {isa = PBXBuildFile; fileRef = E9F566B924E418CD0057DD74 /* MyriadPro-Light.otf */; };
		E9F566C624E418F50057DD74 /* MyriadPro-LightIt.otf in Resources */ = {isa = PBXBuildFile; fileRef = E9F566B124E418CD0057DD74 /* MyriadPro-LightIt.otf */; };
		E9F566C724E418F50057DD74 /* MyriadPro-Regular.otf in Resources */ = {isa = PBXBuildFile; fileRef = E9F566B524E418CD0057DD74 /* MyriadPro-Regular.otf */; };
		E9F566C824E418F50057DD74 /* MyriadPro-Semibold.otf in Resources */ = {isa = PBXBuildFile; fileRef = E9F566B824E418CD0057DD74 /* MyriadPro-Semibold.otf */; };
		E9F566C924E418F50057DD74 /* MyriadPro-SemiboldIt.otf in Resources */ = {isa = PBXBuildFile; fileRef = E9F566BB24E418CD0057DD74 /* MyriadPro-SemiboldIt.otf */; };
		AFEB17B9E3AA4900A3175E28 /* AntDesign.ttf in Resources */ = {isa = PBXBuildFile; fileRef = EECD3DCC7A4E43C995EA5871 /* AntDesign.ttf */; };
		3C5B5C9CF1634808951496AF /* Entypo.ttf in Resources */ = {isa = PBXBuildFile; fileRef = 665F3F1466584E6C9C74619B /* Entypo.ttf */; };
		B39F307F3514440EABE11473 /* EvilIcons.ttf in Resources */ = {isa = PBXBuildFile; fileRef = 1289786CDA6F4260B1D79B87 /* EvilIcons.ttf */; };
		D647AAC0EC1E49ADA5798241 /* Feather.ttf in Resources */ = {isa = PBXBuildFile; fileRef = 29A4DC7E730347E190B414DE /* Feather.ttf */; };
		84E106E153B04903B2D198E0 /* FontAwesome.ttf in Resources */ = {isa = PBXBuildFile; fileRef = ADBA16DBBC3A42F19C4B01F3 /* FontAwesome.ttf */; };
		8CB76D50E3DB4267A58B42F6 /* FontAwesome5_Brands.ttf in Resources */ = {isa = PBXBuildFile; fileRef = 822D05D2CA9446A7B0B0C31E /* FontAwesome5_Brands.ttf */; };
		FEA77318C0AE46999A577A97 /* FontAwesome5_Regular.ttf in Resources */ = {isa = PBXBuildFile; fileRef = 4117F289A5D34C28A7BA28B1 /* FontAwesome5_Regular.ttf */; };
		20F2817C9AE34AA5978C3A7C /* FontAwesome5_Solid.ttf in Resources */ = {isa = PBXBuildFile; fileRef = C814F1E570E74CF5A7AE079F /* FontAwesome5_Solid.ttf */; };
		5AD6F76889114ED1B64C5D8C /* Fontisto.ttf in Resources */ = {isa = PBXBuildFile; fileRef = 8CFA178C4CBD4A9796D0124C /* Fontisto.ttf */; };
		85BCAB6D63E94DCB981C0644 /* Foundation.ttf in Resources */ = {isa = PBXBuildFile; fileRef = F332E75E268C499AB29156BA /* Foundation.ttf */; };
		D722459E1CEF4E8DAF5F10B4 /* Ionicons.ttf in Resources */ = {isa = PBXBuildFile; fileRef = 383FD73CD1F94D208DD6D12E /* Ionicons.ttf */; };
		A711BF37FE634461ABBCD91D /* MaterialCommunityIcons.ttf in Resources */ = {isa = PBXBuildFile; fileRef = 030F52ED4963400B831484B0 /* MaterialCommunityIcons.ttf */; };
		9354B151971F4D62B7A24465 /* MaterialIcons.ttf in Resources */ = {isa = PBXBuildFile; fileRef = 16C744A4EBF14D1F8C68BD20 /* MaterialIcons.ttf */; };
		832B234E0A564F8FAA30736D /* Octicons.ttf in Resources */ = {isa = PBXBuildFile; fileRef = A3F42243FBC5466D8E07944A /* Octicons.ttf */; };
		5ACECF5442DD4FCF85E0A7D6 /* SimpleLineIcons.ttf in Resources */ = {isa = PBXBuildFile; fileRef = 0B45D7DAE4844C2C9E185982 /* SimpleLineIcons.ttf */; };
		36941E53D91E4C40AFAF4311 /* Zocial.ttf in Resources */ = {isa = PBXBuildFile; fileRef = 7E421F26B21541359D9A897B /* Zocial.ttf */; };
		199318984CBE4B2FA6AEA7E7 /* AntDesign.ttf in Resources */ = {isa = PBXBuildFile; fileRef = D74F0D11897046ADBCA32789 /* AntDesign.ttf */; };
		76E388843E5146A1BCDAD400 /* Entypo.ttf in Resources */ = {isa = PBXBuildFile; fileRef = 67CA57512B984FAF89DDC25A /* Entypo.ttf */; };
		C252D3666628450488B1BA2D /* EvilIcons.ttf in Resources */ = {isa = PBXBuildFile; fileRef = E19B637394374330BD3E8F3B /* EvilIcons.ttf */; };
		817F1B3BE60C4CD298AEBACC /* Feather.ttf in Resources */ = {isa = PBXBuildFile; fileRef = 13A70C503A494A6B81DD0C07 /* Feather.ttf */; };
		7BCB43EBD7DB47DFA5F198C7 /* FontAwesome.ttf in Resources */ = {isa = PBXBuildFile; fileRef = AE39A3FCA3EF43079DA74613 /* FontAwesome.ttf */; };
		811751B887B84328A8510B4C /* FontAwesome5_Brands.ttf in Resources */ = {isa = PBXBuildFile; fileRef = DC1420F2EBD243F5B820061C /* FontAwesome5_Brands.ttf */; };
		469CEA2FB9684EB9B1ECD94C /* FontAwesome5_Regular.ttf in Resources */ = {isa = PBXBuildFile; fileRef = 93D2136444B6466E95CEEAA6 /* FontAwesome5_Regular.ttf */; };
		B2725A8027EF4715A35E5D6C /* FontAwesome5_Solid.ttf in Resources */ = {isa = PBXBuildFile; fileRef = 37A08923ECC645ADB2E76328 /* FontAwesome5_Solid.ttf */; };
		A3060BA2FECF4DC4AD6D3D53 /* Fontisto.ttf in Resources */ = {isa = PBXBuildFile; fileRef = 3F062AFDB75248AC9B6C3557 /* Fontisto.ttf */; };
		48F5A24A88A4462A898A074A /* Foundation.ttf in Resources */ = {isa = PBXBuildFile; fileRef = 17B6AFDCB5764D1EABDA64DD /* Foundation.ttf */; };
		66D4592F32CC429C8008F4E7 /* Ionicons.ttf in Resources */ = {isa = PBXBuildFile; fileRef = AD70DE7E2EE74D8D8FA56312 /* Ionicons.ttf */; };
		718873B2060E47D6BD11DD6C /* MaterialCommunityIcons.ttf in Resources */ = {isa = PBXBuildFile; fileRef = B0FAE0AA33974CF0AEDCAA5F /* MaterialCommunityIcons.ttf */; };
		4C42F914A87044139854A0FE /* MaterialIcons.ttf in Resources */ = {isa = PBXBuildFile; fileRef = 9C63A0B5CC0C4CD3907D5CC7 /* MaterialIcons.ttf */; };
		EE13BA3D7CA74EC68541A27E /* Octicons.ttf in Resources */ = {isa = PBXBuildFile; fileRef = 806238DB348849A7874E4AF7 /* Octicons.ttf */; };
		9E6E68D64D8D471998FEEABF /* Roboto_medium.ttf in Resources */ = {isa = PBXBuildFile; fileRef = BB9BFAD5B05D48A4A9F852A4 /* Roboto_medium.ttf */; };
		7885B4BCA64746F4B75BBBBB /* Roboto.ttf in Resources */ = {isa = PBXBuildFile; fileRef = F82FBB863C74481ABAC9C488 /* Roboto.ttf */; };
		3C0EB2EA36B449318D9C8D6A /* rubicon-icon-font.ttf in Resources */ = {isa = PBXBuildFile; fileRef = 35889386403D4D9A9BDF8AA1 /* rubicon-icon-font.ttf */; };
		F137952B071641E8B56DB723 /* SimpleLineIcons.ttf in Resources */ = {isa = PBXBuildFile; fileRef = CEC660BC85054658852A36D8 /* SimpleLineIcons.ttf */; };
		6FB684BBE5294094ABCAFAEE /* Zocial.ttf in Resources */ = {isa = PBXBuildFile; fileRef = 3D0410602ACC4CC782D3925D /* Zocial.ttf */; };
/* End PBXBuildFile section */

/* Begin PBXContainerItemProxy section */
		00E356F41AD99517003FC87E /* PBXContainerItemProxy */ = {
			isa = PBXContainerItemProxy;
			containerPortal = 83CBB9F71A601CBA00E9B192 /* Project object */;
			proxyType = 1;
			remoteGlobalIDString = 13B07F861A680F5B00A75B9A;
			remoteInfo = saleseyes;
		};
		2D02E4911E0B4A5D006451C7 /* PBXContainerItemProxy */ = {
			isa = PBXContainerItemProxy;
			containerPortal = 83CBB9F71A601CBA00E9B192 /* Project object */;
			proxyType = 1;
			remoteGlobalIDString = 2D02E47A1E0B4A5D006451C7;
			remoteInfo = "saleseyes-tvOS";
		};
/* End PBXContainerItemProxy section */

/* Begin PBXFileReference section */
		008F07F21AC5B25A0029DE68 /* main.jsbundle */ = {isa = PBXFileReference; fileEncoding = 4; lastKnownFileType = text; path = main.jsbundle; sourceTree = "<group>"; };
		00E356EE1AD99517003FC87E /* saleseyesTests.xctest */ = {isa = PBXFileReference; explicitFileType = wrapper.cfbundle; includeInIndex = 0; path = saleseyesTests.xctest; sourceTree = BUILT_PRODUCTS_DIR; };
		00E356F11AD99517003FC87E /* Info.plist */ = {isa = PBXFileReference; lastKnownFileType = text.plist.xml; path = Info.plist; sourceTree = "<group>"; };
		00E356F21AD99517003FC87E /* saleseyesTests.m */ = {isa = PBXFileReference; lastKnownFileType = sourcecode.c.objc; path = saleseyesTests.m; sourceTree = "<group>"; };
		0FAC092D547085A113B1EB22 /* Pods-saleseyes-tvOSTests.debug.xcconfig */ = {isa = PBXFileReference; includeInIndex = 1; lastKnownFileType = text.xcconfig; name = "Pods-saleseyes-tvOSTests.debug.xcconfig"; path = "Target Support Files/Pods-saleseyes-tvOSTests/Pods-saleseyes-tvOSTests.debug.xcconfig"; sourceTree = "<group>"; };
		11A821FA407DDC0ED765A1CF /* Pods-saleseyes-saleseyesTests.debug.xcconfig */ = {isa = PBXFileReference; includeInIndex = 1; lastKnownFileType = text.xcconfig; name = "Pods-saleseyes-saleseyesTests.debug.xcconfig"; path = "Target Support Files/Pods-saleseyes-saleseyesTests/Pods-saleseyes-saleseyesTests.debug.xcconfig"; sourceTree = "<group>"; };
		13B07F961A680F5B00A75B9A /* saleseyes.app */ = {isa = PBXFileReference; explicitFileType = wrapper.application; includeInIndex = 0; path = saleseyes.app; sourceTree = BUILT_PRODUCTS_DIR; };
		13B07FAF1A68108700A75B9A /* AppDelegate.h */ = {isa = PBXFileReference; fileEncoding = 4; lastKnownFileType = sourcecode.c.h; name = AppDelegate.h; path = saleseyes/AppDelegate.h; sourceTree = "<group>"; };
		13B07FB01A68108700A75B9A /* AppDelegate.m */ = {isa = PBXFileReference; fileEncoding = 4; lastKnownFileType = sourcecode.c.objc; name = AppDelegate.m; path = saleseyes/AppDelegate.m; sourceTree = "<group>"; };
		13B07FB51A68108700A75B9A /* Images.xcassets */ = {isa = PBXFileReference; lastKnownFileType = folder.assetcatalog; name = Images.xcassets; path = saleseyes/Images.xcassets; sourceTree = "<group>"; };
		13B07FB61A68108700A75B9A /* Info.plist */ = {isa = PBXFileReference; fileEncoding = 4; lastKnownFileType = text.plist.xml; name = Info.plist; path = saleseyes/Info.plist; sourceTree = "<group>"; };
		13B07FB71A68108700A75B9A /* main.m */ = {isa = PBXFileReference; fileEncoding = 4; lastKnownFileType = sourcecode.c.objc; name = main.m; path = saleseyes/main.m; sourceTree = "<group>"; };
		27E5CFA99281F1E0483205DE /* libPods-saleseyes-tvOS.a */ = {isa = PBXFileReference; explicitFileType = archive.ar; includeInIndex = 0; path = "libPods-saleseyes-tvOS.a"; sourceTree = BUILT_PRODUCTS_DIR; };
		2D02E47B1E0B4A5D006451C7 /* saleseyes-tvOS.app */ = {isa = PBXFileReference; explicitFileType = wrapper.application; includeInIndex = 0; path = "saleseyes-tvOS.app"; sourceTree = BUILT_PRODUCTS_DIR; };
		2D02E4901E0B4A5D006451C7 /* saleseyes-tvOSTests.xctest */ = {isa = PBXFileReference; explicitFileType = wrapper.cfbundle; includeInIndex = 0; path = "saleseyes-tvOSTests.xctest"; sourceTree = BUILT_PRODUCTS_DIR; };
		38E28FA13B071CB67EA9B048 /* libPods-saleseyes-saleseyesTests.a */ = {isa = PBXFileReference; explicitFileType = archive.ar; includeInIndex = 0; path = "libPods-saleseyes-saleseyesTests.a"; sourceTree = BUILT_PRODUCTS_DIR; };
		40A050110C2738F9B5EEB499 /* Pods-saleseyes.release.xcconfig */ = {isa = PBXFileReference; includeInIndex = 1; lastKnownFileType = text.xcconfig; name = "Pods-saleseyes.release.xcconfig"; path = "Target Support Files/Pods-saleseyes/Pods-saleseyes.release.xcconfig"; sourceTree = "<group>"; };
		4A7EC80492AF0B234FAD0337 /* Pods-saleseyes-saleseyesTests.release.xcconfig */ = {isa = PBXFileReference; includeInIndex = 1; lastKnownFileType = text.xcconfig; name = "Pods-saleseyes-saleseyesTests.release.xcconfig"; path = "Target Support Files/Pods-saleseyes-saleseyesTests/Pods-saleseyes-saleseyesTests.release.xcconfig"; sourceTree = "<group>"; };
		6510A38C79DFBB82FBE62242 /* libPods-saleseyes-tvOSTests.a */ = {isa = PBXFileReference; explicitFileType = archive.ar; includeInIndex = 0; path = "libPods-saleseyes-tvOSTests.a"; sourceTree = BUILT_PRODUCTS_DIR; };
		7A31785E13A7CA5F200137B0 /* Pods-saleseyes-tvOSTests.release.xcconfig */ = {isa = PBXFileReference; includeInIndex = 1; lastKnownFileType = text.xcconfig; name = "Pods-saleseyes-tvOSTests.release.xcconfig"; path = "Target Support Files/Pods-saleseyes-tvOSTests/Pods-saleseyes-tvOSTests.release.xcconfig"; sourceTree = "<group>"; };
		7DB8B6D32A75EF498B05AFE7 /* Pods-saleseyes.debug.xcconfig */ = {isa = PBXFileReference; includeInIndex = 1; lastKnownFileType = text.xcconfig; name = "Pods-saleseyes.debug.xcconfig"; path = "Target Support Files/Pods-saleseyes/Pods-saleseyes.debug.xcconfig"; sourceTree = "<group>"; };
		81AB9BB72411601600AC10FF /* LaunchScreen.storyboard */ = {isa = PBXFileReference; fileEncoding = 4; lastKnownFileType = file.storyboard; name = LaunchScreen.storyboard; path = saleseyes/LaunchScreen.storyboard; sourceTree = "<group>"; };
		83B1FFCC548DA4CC32E2D942 /* Pods-saleseyes-tvOS.release.xcconfig */ = {isa = PBXFileReference; includeInIndex = 1; lastKnownFileType = text.xcconfig; name = "Pods-saleseyes-tvOS.release.xcconfig"; path = "Target Support Files/Pods-saleseyes-tvOS/Pods-saleseyes-tvOS.release.xcconfig"; sourceTree = "<group>"; };
		AAF3B6C531193C00AECD209C /* Pods-saleseyes-tvOS.debug.xcconfig */ = {isa = PBXFileReference; includeInIndex = 1; lastKnownFileType = text.xcconfig; name = "Pods-saleseyes-tvOS.debug.xcconfig"; path = "Target Support Files/Pods-saleseyes-tvOS/Pods-saleseyes-tvOS.debug.xcconfig"; sourceTree = "<group>"; };
		E9F566AF24E418CC0057DD74 /* MyriadPro-CondIt.otf */ = {isa = PBXFileReference; lastKnownFileType = file; name = "MyriadPro-CondIt.otf"; path = "../../../../../Downloads/Taskerium 2/Fontas_Myriad_pro/MyriadPro-CondIt.otf"; sourceTree = "<group>"; };
		E9F566B024E418CD0057DD74 /* MyriadPro-Bold.otf */ = {isa = PBXFileReference; lastKnownFileType = file; name = "MyriadPro-Bold.otf"; path = "../../../../../Downloads/Taskerium 2/Fontas_Myriad_pro/MyriadPro-Bold.otf"; sourceTree = "<group>"; };
		E9F566B124E418CD0057DD74 /* MyriadPro-LightIt.otf */ = {isa = PBXFileReference; lastKnownFileType = file; name = "MyriadPro-LightIt.otf"; path = "../../../../../Downloads/Taskerium 2/Fontas_Myriad_pro/MyriadPro-LightIt.otf"; sourceTree = "<group>"; };
		E9F566B224E418CD0057DD74 /* MyriadPro-Black.otf */ = {isa = PBXFileReference; lastKnownFileType = file; name = "MyriadPro-Black.otf"; path = "../../../../../Downloads/Taskerium 2/Fontas_Myriad_pro/MyriadPro-Black.otf"; sourceTree = "<group>"; };
		E9F566B324E418CD0057DD74 /* MyriadPro-Cond.otf */ = {isa = PBXFileReference; lastKnownFileType = file; name = "MyriadPro-Cond.otf"; path = "../../../../../Downloads/Taskerium 2/Fontas_Myriad_pro/MyriadPro-Cond.otf"; sourceTree = "<group>"; };
		E9F566B424E418CD0057DD74 /* MyriadPro-BoldCondIt.otf */ = {isa = PBXFileReference; lastKnownFileType = file; name = "MyriadPro-BoldCondIt.otf"; path = "../../../../../Downloads/Taskerium 2/Fontas_Myriad_pro/MyriadPro-BoldCondIt.otf"; sourceTree = "<group>"; };
		E9F566B524E418CD0057DD74 /* MyriadPro-Regular.otf */ = {isa = PBXFileReference; lastKnownFileType = file; name = "MyriadPro-Regular.otf"; path = "../../../../../Downloads/Taskerium 2/Fontas_Myriad_pro/MyriadPro-Regular.otf"; sourceTree = "<group>"; };
		E9F566B624E418CD0057DD74 /* MyriadPro-BlackCond.otf */ = {isa = PBXFileReference; lastKnownFileType = file; name = "MyriadPro-BlackCond.otf"; path = "../../../../../Downloads/Taskerium 2/Fontas_Myriad_pro/MyriadPro-BlackCond.otf"; sourceTree = "<group>"; };
		E9F566B724E418CD0057DD74 /* MyriadPro-BoldIt.otf */ = {isa = PBXFileReference; lastKnownFileType = file; name = "MyriadPro-BoldIt.otf"; path = "../../../../../Downloads/Taskerium 2/Fontas_Myriad_pro/MyriadPro-BoldIt.otf"; sourceTree = "<group>"; };
		E9F566B824E418CD0057DD74 /* MyriadPro-Semibold.otf */ = {isa = PBXFileReference; lastKnownFileType = file; name = "MyriadPro-Semibold.otf"; path = "../../../../../Downloads/Taskerium 2/Fontas_Myriad_pro/MyriadPro-Semibold.otf"; sourceTree = "<group>"; };
		E9F566B924E418CD0057DD74 /* MyriadPro-Light.otf */ = {isa = PBXFileReference; lastKnownFileType = file; name = "MyriadPro-Light.otf"; path = "../../../../../Downloads/Taskerium 2/Fontas_Myriad_pro/MyriadPro-Light.otf"; sourceTree = "<group>"; };
		E9F566BA24E418CD0057DD74 /* MyriadPro-BoldCond.otf */ = {isa = PBXFileReference; lastKnownFileType = file; name = "MyriadPro-BoldCond.otf"; path = "../../../../../Downloads/Taskerium 2/Fontas_Myriad_pro/MyriadPro-BoldCond.otf"; sourceTree = "<group>"; };
		E9F566BB24E418CD0057DD74 /* MyriadPro-SemiboldIt.otf */ = {isa = PBXFileReference; lastKnownFileType = file; name = "MyriadPro-SemiboldIt.otf"; path = "../../../../../Downloads/Taskerium 2/Fontas_Myriad_pro/MyriadPro-SemiboldIt.otf"; sourceTree = "<group>"; };
		E9F566BC24E418CD0057DD74 /* MyriadPro-It.otf */ = {isa = PBXFileReference; lastKnownFileType = file; name = "MyriadPro-It.otf"; path = "../../../../../Downloads/Taskerium 2/Fontas_Myriad_pro/MyriadPro-It.otf"; sourceTree = "<group>"; };
		ED297162215061F000B7C4FE /* JavaScriptCore.framework */ = {isa = PBXFileReference; lastKnownFileType = wrapper.framework; name = JavaScriptCore.framework; path = System/Library/Frameworks/JavaScriptCore.framework; sourceTree = SDKROOT; };
		ED2971642150620600B7C4FE /* JavaScriptCore.framework */ = {isa = PBXFileReference; lastKnownFileType = wrapper.framework; name = JavaScriptCore.framework; path = Platforms/AppleTVOS.platform/Developer/SDKs/AppleTVOS12.0.sdk/System/Library/Frameworks/JavaScriptCore.framework; sourceTree = DEVELOPER_DIR; };
		F02A4DBDF9D3386590B6D6B6 /* libPods-saleseyes.a */ = {isa = PBXFileReference; explicitFileType = archive.ar; includeInIndex = 0; path = "libPods-saleseyes.a"; sourceTree = BUILT_PRODUCTS_DIR; };
		EECD3DCC7A4E43C995EA5871 /* AntDesign.ttf */ = {isa = PBXFileReference; name = "AntDesign.ttf"; path = "../node_modules/react-native-vector-icons/Fonts/AntDesign.ttf"; sourceTree = "<group>"; fileEncoding = undefined; lastKnownFileType = unknown; explicitFileType = undefined; includeInIndex = 0; };
		665F3F1466584E6C9C74619B /* Entypo.ttf */ = {isa = PBXFileReference; name = "Entypo.ttf"; path = "../node_modules/react-native-vector-icons/Fonts/Entypo.ttf"; sourceTree = "<group>"; fileEncoding = undefined; lastKnownFileType = unknown; explicitFileType = undefined; includeInIndex = 0; };
		1289786CDA6F4260B1D79B87 /* EvilIcons.ttf */ = {isa = PBXFileReference; name = "EvilIcons.ttf"; path = "../node_modules/react-native-vector-icons/Fonts/EvilIcons.ttf"; sourceTree = "<group>"; fileEncoding = undefined; lastKnownFileType = unknown; explicitFileType = undefined; includeInIndex = 0; };
		29A4DC7E730347E190B414DE /* Feather.ttf */ = {isa = PBXFileReference; name = "Feather.ttf"; path = "../node_modules/react-native-vector-icons/Fonts/Feather.ttf"; sourceTree = "<group>"; fileEncoding = undefined; lastKnownFileType = unknown; explicitFileType = undefined; includeInIndex = 0; };
		ADBA16DBBC3A42F19C4B01F3 /* FontAwesome.ttf */ = {isa = PBXFileReference; name = "FontAwesome.ttf"; path = "../node_modules/react-native-vector-icons/Fonts/FontAwesome.ttf"; sourceTree = "<group>"; fileEncoding = undefined; lastKnownFileType = unknown; explicitFileType = undefined; includeInIndex = 0; };
		822D05D2CA9446A7B0B0C31E /* FontAwesome5_Brands.ttf */ = {isa = PBXFileReference; name = "FontAwesome5_Brands.ttf"; path = "../node_modules/react-native-vector-icons/Fonts/FontAwesome5_Brands.ttf"; sourceTree = "<group>"; fileEncoding = undefined; lastKnownFileType = unknown; explicitFileType = undefined; includeInIndex = 0; };
		4117F289A5D34C28A7BA28B1 /* FontAwesome5_Regular.ttf */ = {isa = PBXFileReference; name = "FontAwesome5_Regular.ttf"; path = "../node_modules/react-native-vector-icons/Fonts/FontAwesome5_Regular.ttf"; sourceTree = "<group>"; fileEncoding = undefined; lastKnownFileType = unknown; explicitFileType = undefined; includeInIndex = 0; };
		C814F1E570E74CF5A7AE079F /* FontAwesome5_Solid.ttf */ = {isa = PBXFileReference; name = "FontAwesome5_Solid.ttf"; path = "../node_modules/react-native-vector-icons/Fonts/FontAwesome5_Solid.ttf"; sourceTree = "<group>"; fileEncoding = undefined; lastKnownFileType = unknown; explicitFileType = undefined; includeInIndex = 0; };
		8CFA178C4CBD4A9796D0124C /* Fontisto.ttf */ = {isa = PBXFileReference; name = "Fontisto.ttf"; path = "../node_modules/react-native-vector-icons/Fonts/Fontisto.ttf"; sourceTree = "<group>"; fileEncoding = undefined; lastKnownFileType = unknown; explicitFileType = undefined; includeInIndex = 0; };
		F332E75E268C499AB29156BA /* Foundation.ttf */ = {isa = PBXFileReference; name = "Foundation.ttf"; path = "../node_modules/react-native-vector-icons/Fonts/Foundation.ttf"; sourceTree = "<group>"; fileEncoding = undefined; lastKnownFileType = unknown; explicitFileType = undefined; includeInIndex = 0; };
		383FD73CD1F94D208DD6D12E /* Ionicons.ttf */ = {isa = PBXFileReference; name = "Ionicons.ttf"; path = "../node_modules/react-native-vector-icons/Fonts/Ionicons.ttf"; sourceTree = "<group>"; fileEncoding = undefined; lastKnownFileType = unknown; explicitFileType = undefined; includeInIndex = 0; };
		030F52ED4963400B831484B0 /* MaterialCommunityIcons.ttf */ = {isa = PBXFileReference; name = "MaterialCommunityIcons.ttf"; path = "../node_modules/react-native-vector-icons/Fonts/MaterialCommunityIcons.ttf"; sourceTree = "<group>"; fileEncoding = undefined; lastKnownFileType = unknown; explicitFileType = undefined; includeInIndex = 0; };
		16C744A4EBF14D1F8C68BD20 /* MaterialIcons.ttf */ = {isa = PBXFileReference; name = "MaterialIcons.ttf"; path = "../node_modules/react-native-vector-icons/Fonts/MaterialIcons.ttf"; sourceTree = "<group>"; fileEncoding = undefined; lastKnownFileType = unknown; explicitFileType = undefined; includeInIndex = 0; };
		A3F42243FBC5466D8E07944A /* Octicons.ttf */ = {isa = PBXFileReference; name = "Octicons.ttf"; path = "../node_modules/react-native-vector-icons/Fonts/Octicons.ttf"; sourceTree = "<group>"; fileEncoding = undefined; lastKnownFileType = unknown; explicitFileType = undefined; includeInIndex = 0; };
		0B45D7DAE4844C2C9E185982 /* SimpleLineIcons.ttf */ = {isa = PBXFileReference; name = "SimpleLineIcons.ttf"; path = "../node_modules/react-native-vector-icons/Fonts/SimpleLineIcons.ttf"; sourceTree = "<group>"; fileEncoding = undefined; lastKnownFileType = unknown; explicitFileType = undefined; includeInIndex = 0; };
		7E421F26B21541359D9A897B /* Zocial.ttf */ = {isa = PBXFileReference; name = "Zocial.ttf"; path = "../node_modules/react-native-vector-icons/Fonts/Zocial.ttf"; sourceTree = "<group>"; fileEncoding = undefined; lastKnownFileType = unknown; explicitFileType = undefined; includeInIndex = 0; };
		D74F0D11897046ADBCA32789 /* AntDesign.ttf */ = {isa = PBXFileReference; name = "AntDesign.ttf"; path = "../node_modules/native-base/Fonts/AntDesign.ttf"; sourceTree = "<group>"; fileEncoding = undefined; lastKnownFileType = unknown; explicitFileType = undefined; includeInIndex = 0; };
		67CA57512B984FAF89DDC25A /* Entypo.ttf */ = {isa = PBXFileReference; name = "Entypo.ttf"; path = "../node_modules/native-base/Fonts/Entypo.ttf"; sourceTree = "<group>"; fileEncoding = undefined; lastKnownFileType = unknown; explicitFileType = undefined; includeInIndex = 0; };
		E19B637394374330BD3E8F3B /* EvilIcons.ttf */ = {isa = PBXFileReference; name = "EvilIcons.ttf"; path = "../node_modules/native-base/Fonts/EvilIcons.ttf"; sourceTree = "<group>"; fileEncoding = undefined; lastKnownFileType = unknown; explicitFileType = undefined; includeInIndex = 0; };
		13A70C503A494A6B81DD0C07 /* Feather.ttf */ = {isa = PBXFileReference; name = "Feather.ttf"; path = "../node_modules/native-base/Fonts/Feather.ttf"; sourceTree = "<group>"; fileEncoding = undefined; lastKnownFileType = unknown; explicitFileType = undefined; includeInIndex = 0; };
		AE39A3FCA3EF43079DA74613 /* FontAwesome.ttf */ = {isa = PBXFileReference; name = "FontAwesome.ttf"; path = "../node_modules/native-base/Fonts/FontAwesome.ttf"; sourceTree = "<group>"; fileEncoding = undefined; lastKnownFileType = unknown; explicitFileType = undefined; includeInIndex = 0; };
		DC1420F2EBD243F5B820061C /* FontAwesome5_Brands.ttf */ = {isa = PBXFileReference; name = "FontAwesome5_Brands.ttf"; path = "../node_modules/native-base/Fonts/FontAwesome5_Brands.ttf"; sourceTree = "<group>"; fileEncoding = undefined; lastKnownFileType = unknown; explicitFileType = undefined; includeInIndex = 0; };
		93D2136444B6466E95CEEAA6 /* FontAwesome5_Regular.ttf */ = {isa = PBXFileReference; name = "FontAwesome5_Regular.ttf"; path = "../node_modules/native-base/Fonts/FontAwesome5_Regular.ttf"; sourceTree = "<group>"; fileEncoding = undefined; lastKnownFileType = unknown; explicitFileType = undefined; includeInIndex = 0; };
		37A08923ECC645ADB2E76328 /* FontAwesome5_Solid.ttf */ = {isa = PBXFileReference; name = "FontAwesome5_Solid.ttf"; path = "../node_modules/native-base/Fonts/FontAwesome5_Solid.ttf"; sourceTree = "<group>"; fileEncoding = undefined; lastKnownFileType = unknown; explicitFileType = undefined; includeInIndex = 0; };
		3F062AFDB75248AC9B6C3557 /* Fontisto.ttf */ = {isa = PBXFileReference; name = "Fontisto.ttf"; path = "../node_modules/native-base/Fonts/Fontisto.ttf"; sourceTree = "<group>"; fileEncoding = undefined; lastKnownFileType = unknown; explicitFileType = undefined; includeInIndex = 0; };
		17B6AFDCB5764D1EABDA64DD /* Foundation.ttf */ = {isa = PBXFileReference; name = "Foundation.ttf"; path = "../node_modules/native-base/Fonts/Foundation.ttf"; sourceTree = "<group>"; fileEncoding = undefined; lastKnownFileType = unknown; explicitFileType = undefined; includeInIndex = 0; };
		AD70DE7E2EE74D8D8FA56312 /* Ionicons.ttf */ = {isa = PBXFileReference; name = "Ionicons.ttf"; path = "../node_modules/native-base/Fonts/Ionicons.ttf"; sourceTree = "<group>"; fileEncoding = undefined; lastKnownFileType = unknown; explicitFileType = undefined; includeInIndex = 0; };
		B0FAE0AA33974CF0AEDCAA5F /* MaterialCommunityIcons.ttf */ = {isa = PBXFileReference; name = "MaterialCommunityIcons.ttf"; path = "../node_modules/native-base/Fonts/MaterialCommunityIcons.ttf"; sourceTree = "<group>"; fileEncoding = undefined; lastKnownFileType = unknown; explicitFileType = undefined; includeInIndex = 0; };
		9C63A0B5CC0C4CD3907D5CC7 /* MaterialIcons.ttf */ = {isa = PBXFileReference; name = "MaterialIcons.ttf"; path = "../node_modules/native-base/Fonts/MaterialIcons.ttf"; sourceTree = "<group>"; fileEncoding = undefined; lastKnownFileType = unknown; explicitFileType = undefined; includeInIndex = 0; };
		806238DB348849A7874E4AF7 /* Octicons.ttf */ = {isa = PBXFileReference; name = "Octicons.ttf"; path = "../node_modules/native-base/Fonts/Octicons.ttf"; sourceTree = "<group>"; fileEncoding = undefined; lastKnownFileType = unknown; explicitFileType = undefined; includeInIndex = 0; };
		BB9BFAD5B05D48A4A9F852A4 /* Roboto_medium.ttf */ = {isa = PBXFileReference; name = "Roboto_medium.ttf"; path = "../node_modules/native-base/Fonts/Roboto_medium.ttf"; sourceTree = "<group>"; fileEncoding = undefined; lastKnownFileType = unknown; explicitFileType = undefined; includeInIndex = 0; };
		F82FBB863C74481ABAC9C488 /* Roboto.ttf */ = {isa = PBXFileReference; name = "Roboto.ttf"; path = "../node_modules/native-base/Fonts/Roboto.ttf"; sourceTree = "<group>"; fileEncoding = undefined; lastKnownFileType = unknown; explicitFileType = undefined; includeInIndex = 0; };
		35889386403D4D9A9BDF8AA1 /* rubicon-icon-font.ttf */ = {isa = PBXFileReference; name = "rubicon-icon-font.ttf"; path = "../node_modules/native-base/Fonts/rubicon-icon-font.ttf"; sourceTree = "<group>"; fileEncoding = undefined; lastKnownFileType = unknown; explicitFileType = undefined; includeInIndex = 0; };
		CEC660BC85054658852A36D8 /* SimpleLineIcons.ttf */ = {isa = PBXFileReference; name = "SimpleLineIcons.ttf"; path = "../node_modules/native-base/Fonts/SimpleLineIcons.ttf"; sourceTree = "<group>"; fileEncoding = undefined; lastKnownFileType = unknown; explicitFileType = undefined; includeInIndex = 0; };
		3D0410602ACC4CC782D3925D /* Zocial.ttf */ = {isa = PBXFileReference; name = "Zocial.ttf"; path = "../node_modules/native-base/Fonts/Zocial.ttf"; sourceTree = "<group>"; fileEncoding = undefined; lastKnownFileType = unknown; explicitFileType = undefined; includeInIndex = 0; };
/* End PBXFileReference section */

/* Begin PBXFrameworksBuildPhase section */
		00E356EB1AD99517003FC87E /* Frameworks */ = {
			isa = PBXFrameworksBuildPhase;
			buildActionMask = 2147483647;
			files = (
				C99B8529C9C5B0014FF99E68 /* libPods-saleseyes-saleseyesTests.a in Frameworks */,
			);
			runOnlyForDeploymentPostprocessing = 0;
		};
		13B07F8C1A680F5B00A75B9A /* Frameworks */ = {
			isa = PBXFrameworksBuildPhase;
			buildActionMask = 2147483647;
			files = (
				B14E0DE2C56BCE00D61FFBB5 /* libPods-saleseyes.a in Frameworks */,
			);
			runOnlyForDeploymentPostprocessing = 0;
		};
		2D02E4781E0B4A5D006451C7 /* Frameworks */ = {
			isa = PBXFrameworksBuildPhase;
			buildActionMask = 2147483647;
			files = (
				E5D5F652AF3953A16BE63EC4 /* libPods-saleseyes-tvOS.a in Frameworks */,
			);
			runOnlyForDeploymentPostprocessing = 0;
		};
		2D02E48D1E0B4A5D006451C7 /* Frameworks */ = {
			isa = PBXFrameworksBuildPhase;
			buildActionMask = 2147483647;
			files = (
				5C54838CC51ABF79418C49FA /* libPods-saleseyes-tvOSTests.a in Frameworks */,
			);
			runOnlyForDeploymentPostprocessing = 0;
		};
/* End PBXFrameworksBuildPhase section */

/* Begin PBXGroup section */
		00E356EF1AD99517003FC87E /* saleseyesTests */ = {
			isa = PBXGroup;
			children = (
				00E356F21AD99517003FC87E /* saleseyesTests.m */,
				00E356F01AD99517003FC87E /* Supporting Files */,
			);
			path = saleseyesTests;
			sourceTree = "<group>";
		};
		00E356F01AD99517003FC87E /* Supporting Files */ = {
			isa = PBXGroup;
			children = (
				00E356F11AD99517003FC87E /* Info.plist */,
			);
			name = "Supporting Files";
			sourceTree = "<group>";
		};
		13B07FAE1A68108700A75B9A /* saleseyes */ = {
			isa = PBXGroup;
			children = (
				008F07F21AC5B25A0029DE68 /* main.jsbundle */,
				13B07FAF1A68108700A75B9A /* AppDelegate.h */,
				13B07FB01A68108700A75B9A /* AppDelegate.m */,
				13B07FB51A68108700A75B9A /* Images.xcassets */,
				13B07FB61A68108700A75B9A /* Info.plist */,
				81AB9BB72411601600AC10FF /* LaunchScreen.storyboard */,
				13B07FB71A68108700A75B9A /* main.m */,
			);
			name = saleseyes;
			sourceTree = "<group>";
		};
		2D16E6871FA4F8E400B85C8A /* Frameworks */ = {
			isa = PBXGroup;
			children = (
				ED297162215061F000B7C4FE /* JavaScriptCore.framework */,
				ED2971642150620600B7C4FE /* JavaScriptCore.framework */,
				F02A4DBDF9D3386590B6D6B6 /* libPods-saleseyes.a */,
				38E28FA13B071CB67EA9B048 /* libPods-saleseyes-saleseyesTests.a */,
				27E5CFA99281F1E0483205DE /* libPods-saleseyes-tvOS.a */,
				6510A38C79DFBB82FBE62242 /* libPods-saleseyes-tvOSTests.a */,
			);
			name = Frameworks;
			sourceTree = "<group>";
		};
		30CFF95CD69C25271F0E8782 /* Pods */ = {
			isa = PBXGroup;
			children = (
				7DB8B6D32A75EF498B05AFE7 /* Pods-saleseyes.debug.xcconfig */,
				40A050110C2738F9B5EEB499 /* Pods-saleseyes.release.xcconfig */,
				11A821FA407DDC0ED765A1CF /* Pods-saleseyes-saleseyesTests.debug.xcconfig */,
				4A7EC80492AF0B234FAD0337 /* Pods-saleseyes-saleseyesTests.release.xcconfig */,
				AAF3B6C531193C00AECD209C /* Pods-saleseyes-tvOS.debug.xcconfig */,
				83B1FFCC548DA4CC32E2D942 /* Pods-saleseyes-tvOS.release.xcconfig */,
				0FAC092D547085A113B1EB22 /* Pods-saleseyes-tvOSTests.debug.xcconfig */,
				7A31785E13A7CA5F200137B0 /* Pods-saleseyes-tvOSTests.release.xcconfig */,
			);
			path = Pods;
			sourceTree = "<group>";
		};
		832341AE1AAA6A7D00B99B32 /* Libraries */ = {
			isa = PBXGroup;
			children = (
			);
			name = Libraries;
			sourceTree = "<group>";
		};
		83CBB9F61A601CBA00E9B192 = {
			isa = PBXGroup;
			children = (
				E9F566AE24E418A10057DD74 /* Fonts */,
				13B07FAE1A68108700A75B9A /* saleseyes */,
				832341AE1AAA6A7D00B99B32 /* Libraries */,
				00E356EF1AD99517003FC87E /* saleseyesTests */,
				83CBBA001A601CBA00E9B192 /* Products */,
				2D16E6871FA4F8E400B85C8A /* Frameworks */,
				30CFF95CD69C25271F0E8782 /* Pods */,
				38D6724C0CFF4675964D6190 /* Resources */,
			);
			indentWidth = 2;
			sourceTree = "<group>";
			tabWidth = 2;
			usesTabs = 0;
		};
		83CBBA001A601CBA00E9B192 /* Products */ = {
			isa = PBXGroup;
			children = (
				13B07F961A680F5B00A75B9A /* saleseyes.app */,
				00E356EE1AD99517003FC87E /* saleseyesTests.xctest */,
				2D02E47B1E0B4A5D006451C7 /* saleseyes-tvOS.app */,
				2D02E4901E0B4A5D006451C7 /* saleseyes-tvOSTests.xctest */,
			);
			name = Products;
			sourceTree = "<group>";
		};
		E9F566AE24E418A10057DD74 /* Fonts */ = {
			isa = PBXGroup;
			children = (
				E9F566B224E418CD0057DD74 /* MyriadPro-Black.otf */,
				E9F566B624E418CD0057DD74 /* MyriadPro-BlackCond.otf */,
				E9F566B024E418CD0057DD74 /* MyriadPro-Bold.otf */,
				E9F566BA24E418CD0057DD74 /* MyriadPro-BoldCond.otf */,
				E9F566B424E418CD0057DD74 /* MyriadPro-BoldCondIt.otf */,
				E9F566B724E418CD0057DD74 /* MyriadPro-BoldIt.otf */,
				E9F566B324E418CD0057DD74 /* MyriadPro-Cond.otf */,
				E9F566AF24E418CC0057DD74 /* MyriadPro-CondIt.otf */,
				E9F566BC24E418CD0057DD74 /* MyriadPro-It.otf */,
				E9F566B924E418CD0057DD74 /* MyriadPro-Light.otf */,
				E9F566B124E418CD0057DD74 /* MyriadPro-LightIt.otf */,
				E9F566B524E418CD0057DD74 /* MyriadPro-Regular.otf */,
				E9F566B824E418CD0057DD74 /* MyriadPro-Semibold.otf */,
				E9F566BB24E418CD0057DD74 /* MyriadPro-SemiboldIt.otf */,
			);
			path = Fonts;
			sourceTree = "<group>";
		};
		38D6724C0CFF4675964D6190 /* Resources */ = {
			isa = "PBXGroup";
			children = (
				EECD3DCC7A4E43C995EA5871 /* AntDesign.ttf */,
				665F3F1466584E6C9C74619B /* Entypo.ttf */,
				1289786CDA6F4260B1D79B87 /* EvilIcons.ttf */,
				29A4DC7E730347E190B414DE /* Feather.ttf */,
				ADBA16DBBC3A42F19C4B01F3 /* FontAwesome.ttf */,
				822D05D2CA9446A7B0B0C31E /* FontAwesome5_Brands.ttf */,
				4117F289A5D34C28A7BA28B1 /* FontAwesome5_Regular.ttf */,
				C814F1E570E74CF5A7AE079F /* FontAwesome5_Solid.ttf */,
				8CFA178C4CBD4A9796D0124C /* Fontisto.ttf */,
				F332E75E268C499AB29156BA /* Foundation.ttf */,
				383FD73CD1F94D208DD6D12E /* Ionicons.ttf */,
				030F52ED4963400B831484B0 /* MaterialCommunityIcons.ttf */,
				16C744A4EBF14D1F8C68BD20 /* MaterialIcons.ttf */,
				A3F42243FBC5466D8E07944A /* Octicons.ttf */,
				0B45D7DAE4844C2C9E185982 /* SimpleLineIcons.ttf */,
				7E421F26B21541359D9A897B /* Zocial.ttf */,
				D74F0D11897046ADBCA32789 /* AntDesign.ttf */,
				67CA57512B984FAF89DDC25A /* Entypo.ttf */,
				E19B637394374330BD3E8F3B /* EvilIcons.ttf */,
				13A70C503A494A6B81DD0C07 /* Feather.ttf */,
				AE39A3FCA3EF43079DA74613 /* FontAwesome.ttf */,
				DC1420F2EBD243F5B820061C /* FontAwesome5_Brands.ttf */,
				93D2136444B6466E95CEEAA6 /* FontAwesome5_Regular.ttf */,
				37A08923ECC645ADB2E76328 /* FontAwesome5_Solid.ttf */,
				3F062AFDB75248AC9B6C3557 /* Fontisto.ttf */,
				17B6AFDCB5764D1EABDA64DD /* Foundation.ttf */,
				AD70DE7E2EE74D8D8FA56312 /* Ionicons.ttf */,
				B0FAE0AA33974CF0AEDCAA5F /* MaterialCommunityIcons.ttf */,
				9C63A0B5CC0C4CD3907D5CC7 /* MaterialIcons.ttf */,
				806238DB348849A7874E4AF7 /* Octicons.ttf */,
				BB9BFAD5B05D48A4A9F852A4 /* Roboto_medium.ttf */,
				F82FBB863C74481ABAC9C488 /* Roboto.ttf */,
				35889386403D4D9A9BDF8AA1 /* rubicon-icon-font.ttf */,
				CEC660BC85054658852A36D8 /* SimpleLineIcons.ttf */,
				3D0410602ACC4CC782D3925D /* Zocial.ttf */,
			);
			name = Resources;
			sourceTree = "<group>";
			path = "";
		};
/* End PBXGroup section */

/* Begin PBXNativeTarget section */
		00E356ED1AD99517003FC87E /* saleseyesTests */ = {
			isa = PBXNativeTarget;
			buildConfigurationList = 00E357021AD99517003FC87E /* Build configuration list for PBXNativeTarget "saleseyesTests" */;
			buildPhases = (
				418AEE61880BCE6BE8AE9A8C /* [CP] Check Pods Manifest.lock */,
				00E356EA1AD99517003FC87E /* Sources */,
				00E356EB1AD99517003FC87E /* Frameworks */,
				00E356EC1AD99517003FC87E /* Resources */,
				3C6E695DE3C0CA0D5DCD7454 /* [CP] Copy Pods Resources */,
			);
			buildRules = (
			);
			dependencies = (
				00E356F51AD99517003FC87E /* PBXTargetDependency */,
			);
			name = saleseyesTests;
			productName = saleseyesTests;
			productReference = 00E356EE1AD99517003FC87E /* saleseyesTests.xctest */;
			productType = "com.apple.product-type.bundle.unit-test";
		};
		13B07F861A680F5B00A75B9A /* saleseyes */ = {
			isa = PBXNativeTarget;
			buildConfigurationList = 13B07F931A680F5B00A75B9A /* Build configuration list for PBXNativeTarget "saleseyes" */;
			buildPhases = (
				72DD2ABFBB12E68C1E1AF0C9 /* [CP] Check Pods Manifest.lock */,
				FD10A7F022414F080027D42C /* Start Packager */,
				13B07F871A680F5B00A75B9A /* Sources */,
				13B07F8C1A680F5B00A75B9A /* Frameworks */,
				13B07F8E1A680F5B00A75B9A /* Resources */,
				00DD1BFF1BD5951E006B06BC /* Bundle React Native code and images */,
				990D4DB75F3D8E2B3623265D /* [CP] Copy Pods Resources */,
			);
			buildRules = (
			);
			dependencies = (
			);
			name = saleseyes;
			productName = saleseyes;
			productReference = 13B07F961A680F5B00A75B9A /* saleseyes.app */;
			productType = "com.apple.product-type.application";
		};
		2D02E47A1E0B4A5D006451C7 /* saleseyes-tvOS */ = {
			isa = PBXNativeTarget;
			buildConfigurationList = 2D02E4BA1E0B4A5E006451C7 /* Build configuration list for PBXNativeTarget "saleseyes-tvOS" */;
			buildPhases = (
				537EE46EF05B4EB7C3C6D560 /* [CP] Check Pods Manifest.lock */,
				FD10A7F122414F3F0027D42C /* Start Packager */,
				2D02E4771E0B4A5D006451C7 /* Sources */,
				2D02E4781E0B4A5D006451C7 /* Frameworks */,
				2D02E4791E0B4A5D006451C7 /* Resources */,
				2D02E4CB1E0B4B27006451C7 /* Bundle React Native Code And Images */,
			);
			buildRules = (
			);
			dependencies = (
			);
			name = "saleseyes-tvOS";
			productName = "saleseyes-tvOS";
			productReference = 2D02E47B1E0B4A5D006451C7 /* saleseyes-tvOS.app */;
			productType = "com.apple.product-type.application";
		};
		2D02E48F1E0B4A5D006451C7 /* saleseyes-tvOSTests */ = {
			isa = PBXNativeTarget;
			buildConfigurationList = 2D02E4BB1E0B4A5E006451C7 /* Build configuration list for PBXNativeTarget "saleseyes-tvOSTests" */;
			buildPhases = (
				6136A3B7C414766FBA3FEB86 /* [CP] Check Pods Manifest.lock */,
				2D02E48C1E0B4A5D006451C7 /* Sources */,
				2D02E48D1E0B4A5D006451C7 /* Frameworks */,
				2D02E48E1E0B4A5D006451C7 /* Resources */,
			);
			buildRules = (
			);
			dependencies = (
				2D02E4921E0B4A5D006451C7 /* PBXTargetDependency */,
			);
			name = "saleseyes-tvOSTests";
			productName = "saleseyes-tvOSTests";
			productReference = 2D02E4901E0B4A5D006451C7 /* saleseyes-tvOSTests.xctest */;
			productType = "com.apple.product-type.bundle.unit-test";
		};
/* End PBXNativeTarget section */

/* Begin PBXProject section */
		83CBB9F71A601CBA00E9B192 /* Project object */ = {
			isa = PBXProject;
			attributes = {
				LastUpgradeCheck = 1130;
				TargetAttributes = {
					00E356ED1AD99517003FC87E = {
						CreatedOnToolsVersion = 6.2;
						TestTargetID = 13B07F861A680F5B00A75B9A;
					};
					13B07F861A680F5B00A75B9A = {
						DevelopmentTeam = 8U8LW972MB;
						LastSwiftMigration = 1120;
						ProvisioningStyle = Manual;
					};
					2D02E47A1E0B4A5D006451C7 = {
						CreatedOnToolsVersion = 8.2.1;
						ProvisioningStyle = Automatic;
					};
					2D02E48F1E0B4A5D006451C7 = {
						CreatedOnToolsVersion = 8.2.1;
						ProvisioningStyle = Automatic;
						TestTargetID = 2D02E47A1E0B4A5D006451C7;
					};
				};
			};
			buildConfigurationList = 83CBB9FA1A601CBA00E9B192 /* Build configuration list for PBXProject "saleseyes" */;
			compatibilityVersion = "Xcode 3.2";
			developmentRegion = en;
			hasScannedForEncodings = 0;
			knownRegions = (
				en,
				Base,
			);
			mainGroup = 83CBB9F61A601CBA00E9B192;
			productRefGroup = 83CBBA001A601CBA00E9B192 /* Products */;
			projectDirPath = "";
			projectRoot = "";
			targets = (
				13B07F861A680F5B00A75B9A /* saleseyes */,
				00E356ED1AD99517003FC87E /* saleseyesTests */,
				2D02E47A1E0B4A5D006451C7 /* saleseyes-tvOS */,
				2D02E48F1E0B4A5D006451C7 /* saleseyes-tvOSTests */,
			);
		};
/* End PBXProject section */

/* Begin PBXResourcesBuildPhase section */
		00E356EC1AD99517003FC87E /* Resources */ = {
			isa = PBXResourcesBuildPhase;
			buildActionMask = 2147483647;
			files = (
			);
			runOnlyForDeploymentPostprocessing = 0;
		};
		13B07F8E1A680F5B00A75B9A /* Resources */ = {
			isa = PBXResourcesBuildPhase;
			buildActionMask = 2147483647;
			files = (
				E9F566BE24E418F50057DD74 /* MyriadPro-Bold.otf in Resources */,
				E9F566BF24E418F50057DD74 /* MyriadPro-BoldCond.otf in Resources */,
				E9F566C024E418F50057DD74 /* MyriadPro-BoldCondIt.otf in Resources */,
				E9F566C124E418F50057DD74 /* MyriadPro-BoldIt.otf in Resources */,
				E9F566C224E418F50057DD74 /* MyriadPro-Cond.otf in Resources */,
				E9F566C324E418F50057DD74 /* MyriadPro-CondIt.otf in Resources */,
				E9F566C424E418F50057DD74 /* MyriadPro-It.otf in Resources */,
				E9F566C524E418F50057DD74 /* MyriadPro-Light.otf in Resources */,
				E9F566C624E418F50057DD74 /* MyriadPro-LightIt.otf in Resources */,
				E9F566C724E418F50057DD74 /* MyriadPro-Regular.otf in Resources */,
				E9F566C824E418F50057DD74 /* MyriadPro-Semibold.otf in Resources */,
				E9F566C924E418F50057DD74 /* MyriadPro-SemiboldIt.otf in Resources */,
				E9F566BD24E418EB0057DD74 /* MyriadPro-Black.otf in Resources */,
				81AB9BB82411601600AC10FF /* LaunchScreen.storyboard in Resources */,
				13B07FBF1A68108700A75B9A /* Images.xcassets in Resources */,
				AFEB17B9E3AA4900A3175E28 /* AntDesign.ttf in Resources */,
				3C5B5C9CF1634808951496AF /* Entypo.ttf in Resources */,
				B39F307F3514440EABE11473 /* EvilIcons.ttf in Resources */,
				D647AAC0EC1E49ADA5798241 /* Feather.ttf in Resources */,
				84E106E153B04903B2D198E0 /* FontAwesome.ttf in Resources */,
				8CB76D50E3DB4267A58B42F6 /* FontAwesome5_Brands.ttf in Resources */,
				FEA77318C0AE46999A577A97 /* FontAwesome5_Regular.ttf in Resources */,
				20F2817C9AE34AA5978C3A7C /* FontAwesome5_Solid.ttf in Resources */,
				5AD6F76889114ED1B64C5D8C /* Fontisto.ttf in Resources */,
				85BCAB6D63E94DCB981C0644 /* Foundation.ttf in Resources */,
				D722459E1CEF4E8DAF5F10B4 /* Ionicons.ttf in Resources */,
				A711BF37FE634461ABBCD91D /* MaterialCommunityIcons.ttf in Resources */,
				9354B151971F4D62B7A24465 /* MaterialIcons.ttf in Resources */,
				832B234E0A564F8FAA30736D /* Octicons.ttf in Resources */,
				5ACECF5442DD4FCF85E0A7D6 /* SimpleLineIcons.ttf in Resources */,
				36941E53D91E4C40AFAF4311 /* Zocial.ttf in Resources */,
				199318984CBE4B2FA6AEA7E7 /* AntDesign.ttf in Resources */,
				76E388843E5146A1BCDAD400 /* Entypo.ttf in Resources */,
				C252D3666628450488B1BA2D /* EvilIcons.ttf in Resources */,
				817F1B3BE60C4CD298AEBACC /* Feather.ttf in Resources */,
				7BCB43EBD7DB47DFA5F198C7 /* FontAwesome.ttf in Resources */,
				811751B887B84328A8510B4C /* FontAwesome5_Brands.ttf in Resources */,
				469CEA2FB9684EB9B1ECD94C /* FontAwesome5_Regular.ttf in Resources */,
				B2725A8027EF4715A35E5D6C /* FontAwesome5_Solid.ttf in Resources */,
				A3060BA2FECF4DC4AD6D3D53 /* Fontisto.ttf in Resources */,
				48F5A24A88A4462A898A074A /* Foundation.ttf in Resources */,
				66D4592F32CC429C8008F4E7 /* Ionicons.ttf in Resources */,
				718873B2060E47D6BD11DD6C /* MaterialCommunityIcons.ttf in Resources */,
				4C42F914A87044139854A0FE /* MaterialIcons.ttf in Resources */,
				EE13BA3D7CA74EC68541A27E /* Octicons.ttf in Resources */,
				9E6E68D64D8D471998FEEABF /* Roboto_medium.ttf in Resources */,
				7885B4BCA64746F4B75BBBBB /* Roboto.ttf in Resources */,
				3C0EB2EA36B449318D9C8D6A /* rubicon-icon-font.ttf in Resources */,
				F137952B071641E8B56DB723 /* SimpleLineIcons.ttf in Resources */,
				6FB684BBE5294094ABCAFAEE /* Zocial.ttf in Resources */,
			);
			runOnlyForDeploymentPostprocessing = 0;
		};
		2D02E4791E0B4A5D006451C7 /* Resources */ = {
			isa = PBXResourcesBuildPhase;
			buildActionMask = 2147483647;
			files = (
				2D02E4BD1E0B4A84006451C7 /* Images.xcassets in Resources */,
			);
			runOnlyForDeploymentPostprocessing = 0;
		};
		2D02E48E1E0B4A5D006451C7 /* Resources */ = {
			isa = PBXResourcesBuildPhase;
			buildActionMask = 2147483647;
			files = (
			);
			runOnlyForDeploymentPostprocessing = 0;
		};
/* End PBXResourcesBuildPhase section */

/* Begin PBXShellScriptBuildPhase section */
		00DD1BFF1BD5951E006B06BC /* Bundle React Native code and images */ = {
			isa = PBXShellScriptBuildPhase;
			buildActionMask = 2147483647;
			files = (
			);
			inputPaths = (
			);
			name = "Bundle React Native code and images";
			outputPaths = (
			);
			runOnlyForDeploymentPostprocessing = 0;
			shellPath = /bin/sh;
			shellScript = "export NODE_BINARY=node\n../node_modules/react-native/scripts/react-native-xcode.sh";
		};
		2D02E4CB1E0B4B27006451C7 /* Bundle React Native Code And Images */ = {
			isa = PBXShellScriptBuildPhase;
			buildActionMask = 2147483647;
			files = (
			);
			inputPaths = (
			);
			name = "Bundle React Native Code And Images";
			outputPaths = (
			);
			runOnlyForDeploymentPostprocessing = 0;
			shellPath = /bin/sh;
			shellScript = "export NODE_BINARY=node\n../node_modules/react-native/scripts/react-native-xcode.sh";
		};
		3C6E695DE3C0CA0D5DCD7454 /* [CP] Copy Pods Resources */ = {
			isa = PBXShellScriptBuildPhase;
			buildActionMask = 2147483647;
			files = (
			);
			inputPaths = (
				"${PODS_ROOT}/Target Support Files/Pods-saleseyes-saleseyesTests/Pods-saleseyes-saleseyesTests-resources.sh",
				"${PODS_ROOT}/../../node_modules/react-native-vector-icons/Fonts/AntDesign.ttf",
				"${PODS_ROOT}/../../node_modules/react-native-vector-icons/Fonts/Entypo.ttf",
				"${PODS_ROOT}/../../node_modules/react-native-vector-icons/Fonts/EvilIcons.ttf",
				"${PODS_ROOT}/../../node_modules/react-native-vector-icons/Fonts/Feather.ttf",
				"${PODS_ROOT}/../../node_modules/react-native-vector-icons/Fonts/FontAwesome.ttf",
				"${PODS_ROOT}/../../node_modules/react-native-vector-icons/Fonts/FontAwesome5_Brands.ttf",
				"${PODS_ROOT}/../../node_modules/react-native-vector-icons/Fonts/FontAwesome5_Regular.ttf",
				"${PODS_ROOT}/../../node_modules/react-native-vector-icons/Fonts/FontAwesome5_Solid.ttf",
				"${PODS_ROOT}/../../node_modules/react-native-vector-icons/Fonts/Fontisto.ttf",
				"${PODS_ROOT}/../../node_modules/react-native-vector-icons/Fonts/Foundation.ttf",
				"${PODS_ROOT}/../../node_modules/react-native-vector-icons/Fonts/Ionicons.ttf",
				"${PODS_ROOT}/../../node_modules/react-native-vector-icons/Fonts/MaterialCommunityIcons.ttf",
				"${PODS_ROOT}/../../node_modules/react-native-vector-icons/Fonts/MaterialIcons.ttf",
				"${PODS_ROOT}/../../node_modules/react-native-vector-icons/Fonts/Octicons.ttf",
				"${PODS_ROOT}/../../node_modules/react-native-vector-icons/Fonts/SimpleLineIcons.ttf",
				"${PODS_ROOT}/../../node_modules/react-native-vector-icons/Fonts/Zocial.ttf",
				"${PODS_CONFIGURATION_BUILD_DIR}/React-Core/AccessibilityResources.bundle",
			);
			name = "[CP] Copy Pods Resources";
			outputPaths = (
				"${TARGET_BUILD_DIR}/${UNLOCALIZED_RESOURCES_FOLDER_PATH}/AntDesign.ttf",
				"${TARGET_BUILD_DIR}/${UNLOCALIZED_RESOURCES_FOLDER_PATH}/Entypo.ttf",
				"${TARGET_BUILD_DIR}/${UNLOCALIZED_RESOURCES_FOLDER_PATH}/EvilIcons.ttf",
				"${TARGET_BUILD_DIR}/${UNLOCALIZED_RESOURCES_FOLDER_PATH}/Feather.ttf",
				"${TARGET_BUILD_DIR}/${UNLOCALIZED_RESOURCES_FOLDER_PATH}/FontAwesome.ttf",
				"${TARGET_BUILD_DIR}/${UNLOCALIZED_RESOURCES_FOLDER_PATH}/FontAwesome5_Brands.ttf",
				"${TARGET_BUILD_DIR}/${UNLOCALIZED_RESOURCES_FOLDER_PATH}/FontAwesome5_Regular.ttf",
				"${TARGET_BUILD_DIR}/${UNLOCALIZED_RESOURCES_FOLDER_PATH}/FontAwesome5_Solid.ttf",
				"${TARGET_BUILD_DIR}/${UNLOCALIZED_RESOURCES_FOLDER_PATH}/Fontisto.ttf",
				"${TARGET_BUILD_DIR}/${UNLOCALIZED_RESOURCES_FOLDER_PATH}/Foundation.ttf",
				"${TARGET_BUILD_DIR}/${UNLOCALIZED_RESOURCES_FOLDER_PATH}/Ionicons.ttf",
				"${TARGET_BUILD_DIR}/${UNLOCALIZED_RESOURCES_FOLDER_PATH}/MaterialCommunityIcons.ttf",
				"${TARGET_BUILD_DIR}/${UNLOCALIZED_RESOURCES_FOLDER_PATH}/MaterialIcons.ttf",
				"${TARGET_BUILD_DIR}/${UNLOCALIZED_RESOURCES_FOLDER_PATH}/Octicons.ttf",
				"${TARGET_BUILD_DIR}/${UNLOCALIZED_RESOURCES_FOLDER_PATH}/SimpleLineIcons.ttf",
				"${TARGET_BUILD_DIR}/${UNLOCALIZED_RESOURCES_FOLDER_PATH}/Zocial.ttf",
				"${TARGET_BUILD_DIR}/${UNLOCALIZED_RESOURCES_FOLDER_PATH}/AccessibilityResources.bundle",
			);
			runOnlyForDeploymentPostprocessing = 0;
			shellPath = /bin/sh;
			shellScript = "\"${PODS_ROOT}/Target Support Files/Pods-saleseyes-saleseyesTests/Pods-saleseyes-saleseyesTests-resources.sh\"\n";
			showEnvVarsInLog = 0;
		};
		418AEE61880BCE6BE8AE9A8C /* [CP] Check Pods Manifest.lock */ = {
			isa = PBXShellScriptBuildPhase;
			buildActionMask = 2147483647;
			files = (
			);
			inputFileListPaths = (
			);
			inputPaths = (
				"${PODS_PODFILE_DIR_PATH}/Podfile.lock",
				"${PODS_ROOT}/Manifest.lock",
			);
			name = "[CP] Check Pods Manifest.lock";
			outputFileListPaths = (
			);
			outputPaths = (
				"$(DERIVED_FILE_DIR)/Pods-saleseyes-saleseyesTests-checkManifestLockResult.txt",
			);
			runOnlyForDeploymentPostprocessing = 0;
			shellPath = /bin/sh;
			shellScript = "diff \"${PODS_PODFILE_DIR_PATH}/Podfile.lock\" \"${PODS_ROOT}/Manifest.lock\" > /dev/null\nif [ $? != 0 ] ; then\n    # print error to STDERR\n    echo \"error: The sandbox is not in sync with the Podfile.lock. Run 'pod install' or update your CocoaPods installation.\" >&2\n    exit 1\nfi\n# This output is used by Xcode 'outputs' to avoid re-running this script phase.\necho \"SUCCESS\" > \"${SCRIPT_OUTPUT_FILE_0}\"\n";
			showEnvVarsInLog = 0;
		};
		537EE46EF05B4EB7C3C6D560 /* [CP] Check Pods Manifest.lock */ = {
			isa = PBXShellScriptBuildPhase;
			buildActionMask = 2147483647;
			files = (
			);
			inputFileListPaths = (
			);
			inputPaths = (
				"${PODS_PODFILE_DIR_PATH}/Podfile.lock",
				"${PODS_ROOT}/Manifest.lock",
			);
			name = "[CP] Check Pods Manifest.lock";
			outputFileListPaths = (
			);
			outputPaths = (
				"$(DERIVED_FILE_DIR)/Pods-saleseyes-tvOS-checkManifestLockResult.txt",
			);
			runOnlyForDeploymentPostprocessing = 0;
			shellPath = /bin/sh;
			shellScript = "diff \"${PODS_PODFILE_DIR_PATH}/Podfile.lock\" \"${PODS_ROOT}/Manifest.lock\" > /dev/null\nif [ $? != 0 ] ; then\n    # print error to STDERR\n    echo \"error: The sandbox is not in sync with the Podfile.lock. Run 'pod install' or update your CocoaPods installation.\" >&2\n    exit 1\nfi\n# This output is used by Xcode 'outputs' to avoid re-running this script phase.\necho \"SUCCESS\" > \"${SCRIPT_OUTPUT_FILE_0}\"\n";
			showEnvVarsInLog = 0;
		};
		6136A3B7C414766FBA3FEB86 /* [CP] Check Pods Manifest.lock */ = {
			isa = PBXShellScriptBuildPhase;
			buildActionMask = 2147483647;
			files = (
			);
			inputFileListPaths = (
			);
			inputPaths = (
				"${PODS_PODFILE_DIR_PATH}/Podfile.lock",
				"${PODS_ROOT}/Manifest.lock",
			);
			name = "[CP] Check Pods Manifest.lock";
			outputFileListPaths = (
			);
			outputPaths = (
				"$(DERIVED_FILE_DIR)/Pods-saleseyes-tvOSTests-checkManifestLockResult.txt",
			);
			runOnlyForDeploymentPostprocessing = 0;
			shellPath = /bin/sh;
			shellScript = "diff \"${PODS_PODFILE_DIR_PATH}/Podfile.lock\" \"${PODS_ROOT}/Manifest.lock\" > /dev/null\nif [ $? != 0 ] ; then\n    # print error to STDERR\n    echo \"error: The sandbox is not in sync with the Podfile.lock. Run 'pod install' or update your CocoaPods installation.\" >&2\n    exit 1\nfi\n# This output is used by Xcode 'outputs' to avoid re-running this script phase.\necho \"SUCCESS\" > \"${SCRIPT_OUTPUT_FILE_0}\"\n";
			showEnvVarsInLog = 0;
		};
		72DD2ABFBB12E68C1E1AF0C9 /* [CP] Check Pods Manifest.lock */ = {
			isa = PBXShellScriptBuildPhase;
			buildActionMask = 2147483647;
			files = (
			);
			inputFileListPaths = (
			);
			inputPaths = (
				"${PODS_PODFILE_DIR_PATH}/Podfile.lock",
				"${PODS_ROOT}/Manifest.lock",
			);
			name = "[CP] Check Pods Manifest.lock";
			outputFileListPaths = (
			);
			outputPaths = (
				"$(DERIVED_FILE_DIR)/Pods-saleseyes-checkManifestLockResult.txt",
			);
			runOnlyForDeploymentPostprocessing = 0;
			shellPath = /bin/sh;
			shellScript = "diff \"${PODS_PODFILE_DIR_PATH}/Podfile.lock\" \"${PODS_ROOT}/Manifest.lock\" > /dev/null\nif [ $? != 0 ] ; then\n    # print error to STDERR\n    echo \"error: The sandbox is not in sync with the Podfile.lock. Run 'pod install' or update your CocoaPods installation.\" >&2\n    exit 1\nfi\n# This output is used by Xcode 'outputs' to avoid re-running this script phase.\necho \"SUCCESS\" > \"${SCRIPT_OUTPUT_FILE_0}\"\n";
			showEnvVarsInLog = 0;
		};
		990D4DB75F3D8E2B3623265D /* [CP] Copy Pods Resources */ = {
			isa = PBXShellScriptBuildPhase;
			buildActionMask = 2147483647;
			files = (
			);
			inputPaths = (
				"${PODS_ROOT}/Target Support Files/Pods-saleseyes/Pods-saleseyes-resources.sh",
				"${PODS_ROOT}/../../node_modules/react-native-vector-icons/Fonts/AntDesign.ttf",
				"${PODS_ROOT}/../../node_modules/react-native-vector-icons/Fonts/Entypo.ttf",
				"${PODS_ROOT}/../../node_modules/react-native-vector-icons/Fonts/EvilIcons.ttf",
				"${PODS_ROOT}/../../node_modules/react-native-vector-icons/Fonts/Feather.ttf",
				"${PODS_ROOT}/../../node_modules/react-native-vector-icons/Fonts/FontAwesome.ttf",
				"${PODS_ROOT}/../../node_modules/react-native-vector-icons/Fonts/FontAwesome5_Brands.ttf",
				"${PODS_ROOT}/../../node_modules/react-native-vector-icons/Fonts/FontAwesome5_Regular.ttf",
				"${PODS_ROOT}/../../node_modules/react-native-vector-icons/Fonts/FontAwesome5_Solid.ttf",
				"${PODS_ROOT}/../../node_modules/react-native-vector-icons/Fonts/Fontisto.ttf",
				"${PODS_ROOT}/../../node_modules/react-native-vector-icons/Fonts/Foundation.ttf",
				"${PODS_ROOT}/../../node_modules/react-native-vector-icons/Fonts/Ionicons.ttf",
				"${PODS_ROOT}/../../node_modules/react-native-vector-icons/Fonts/MaterialCommunityIcons.ttf",
				"${PODS_ROOT}/../../node_modules/react-native-vector-icons/Fonts/MaterialIcons.ttf",
				"${PODS_ROOT}/../../node_modules/react-native-vector-icons/Fonts/Octicons.ttf",
				"${PODS_ROOT}/../../node_modules/react-native-vector-icons/Fonts/SimpleLineIcons.ttf",
				"${PODS_ROOT}/../../node_modules/react-native-vector-icons/Fonts/Zocial.ttf",
				"${PODS_CONFIGURATION_BUILD_DIR}/React-Core/AccessibilityResources.bundle",
			);
			name = "[CP] Copy Pods Resources";
			outputPaths = (
				"${TARGET_BUILD_DIR}/${UNLOCALIZED_RESOURCES_FOLDER_PATH}/AntDesign.ttf",
				"${TARGET_BUILD_DIR}/${UNLOCALIZED_RESOURCES_FOLDER_PATH}/Entypo.ttf",
				"${TARGET_BUILD_DIR}/${UNLOCALIZED_RESOURCES_FOLDER_PATH}/EvilIcons.ttf",
				"${TARGET_BUILD_DIR}/${UNLOCALIZED_RESOURCES_FOLDER_PATH}/Feather.ttf",
				"${TARGET_BUILD_DIR}/${UNLOCALIZED_RESOURCES_FOLDER_PATH}/FontAwesome.ttf",
				"${TARGET_BUILD_DIR}/${UNLOCALIZED_RESOURCES_FOLDER_PATH}/FontAwesome5_Brands.ttf",
				"${TARGET_BUILD_DIR}/${UNLOCALIZED_RESOURCES_FOLDER_PATH}/FontAwesome5_Regular.ttf",
				"${TARGET_BUILD_DIR}/${UNLOCALIZED_RESOURCES_FOLDER_PATH}/FontAwesome5_Solid.ttf",
				"${TARGET_BUILD_DIR}/${UNLOCALIZED_RESOURCES_FOLDER_PATH}/Fontisto.ttf",
				"${TARGET_BUILD_DIR}/${UNLOCALIZED_RESOURCES_FOLDER_PATH}/Foundation.ttf",
				"${TARGET_BUILD_DIR}/${UNLOCALIZED_RESOURCES_FOLDER_PATH}/Ionicons.ttf",
				"${TARGET_BUILD_DIR}/${UNLOCALIZED_RESOURCES_FOLDER_PATH}/MaterialCommunityIcons.ttf",
				"${TARGET_BUILD_DIR}/${UNLOCALIZED_RESOURCES_FOLDER_PATH}/MaterialIcons.ttf",
				"${TARGET_BUILD_DIR}/${UNLOCALIZED_RESOURCES_FOLDER_PATH}/Octicons.ttf",
				"${TARGET_BUILD_DIR}/${UNLOCALIZED_RESOURCES_FOLDER_PATH}/SimpleLineIcons.ttf",
				"${TARGET_BUILD_DIR}/${UNLOCALIZED_RESOURCES_FOLDER_PATH}/Zocial.ttf",
				"${TARGET_BUILD_DIR}/${UNLOCALIZED_RESOURCES_FOLDER_PATH}/AccessibilityResources.bundle",
			);
			runOnlyForDeploymentPostprocessing = 0;
			shellPath = /bin/sh;
			shellScript = "\"${PODS_ROOT}/Target Support Files/Pods-saleseyes/Pods-saleseyes-resources.sh\"\n";
			showEnvVarsInLog = 0;
		};
		FD10A7F022414F080027D42C /* Start Packager */ = {
			isa = PBXShellScriptBuildPhase;
			buildActionMask = 2147483647;
			files = (
			);
			inputFileListPaths = (
			);
			inputPaths = (
			);
			name = "Start Packager";
			outputFileListPaths = (
			);
			outputPaths = (
			);
			runOnlyForDeploymentPostprocessing = 0;
			shellPath = /bin/sh;
			shellScript = "export RCT_METRO_PORT=\"${RCT_METRO_PORT:=8081}\"\necho \"export RCT_METRO_PORT=${RCT_METRO_PORT}\" > \"${SRCROOT}/../node_modules/react-native/scripts/.packager.env\"\nif [ -z \"${RCT_NO_LAUNCH_PACKAGER+xxx}\" ] ; then\n  if nc -w 5 -z localhost ${RCT_METRO_PORT} ; then\n    if ! curl -s \"http://localhost:${RCT_METRO_PORT}/status\" | grep -q \"packager-status:running\" ; then\n      echo \"Port ${RCT_METRO_PORT} already in use, packager is either not running or not running correctly\"\n      exit 2\n    fi\n  else\n    open \"$SRCROOT/../node_modules/react-native/scripts/launchPackager.command\" || echo \"Can't start packager automatically\"\n  fi\nfi\n";
			showEnvVarsInLog = 0;
		};
		FD10A7F122414F3F0027D42C /* Start Packager */ = {
			isa = PBXShellScriptBuildPhase;
			buildActionMask = 2147483647;
			files = (
			);
			inputFileListPaths = (
			);
			inputPaths = (
			);
			name = "Start Packager";
			outputFileListPaths = (
			);
			outputPaths = (
			);
			runOnlyForDeploymentPostprocessing = 0;
			shellPath = /bin/sh;
			shellScript = "export RCT_METRO_PORT=\"${RCT_METRO_PORT:=8081}\"\necho \"export RCT_METRO_PORT=${RCT_METRO_PORT}\" > \"${SRCROOT}/../node_modules/react-native/scripts/.packager.env\"\nif [ -z \"${RCT_NO_LAUNCH_PACKAGER+xxx}\" ] ; then\n  if nc -w 5 -z localhost ${RCT_METRO_PORT} ; then\n    if ! curl -s \"http://localhost:${RCT_METRO_PORT}/status\" | grep -q \"packager-status:running\" ; then\n      echo \"Port ${RCT_METRO_PORT} already in use, packager is either not running or not running correctly\"\n      exit 2\n    fi\n  else\n    open \"$SRCROOT/../node_modules/react-native/scripts/launchPackager.command\" || echo \"Can't start packager automatically\"\n  fi\nfi\n";
			showEnvVarsInLog = 0;
		};
/* End PBXShellScriptBuildPhase section */

/* Begin PBXSourcesBuildPhase section */
		00E356EA1AD99517003FC87E /* Sources */ = {
			isa = PBXSourcesBuildPhase;
			buildActionMask = 2147483647;
			files = (
				00E356F31AD99517003FC87E /* saleseyesTests.m in Sources */,
			);
			runOnlyForDeploymentPostprocessing = 0;
		};
		13B07F871A680F5B00A75B9A /* Sources */ = {
			isa = PBXSourcesBuildPhase;
			buildActionMask = 2147483647;
			files = (
				13B07FBC1A68108700A75B9A /* AppDelegate.m in Sources */,
				13B07FC11A68108700A75B9A /* main.m in Sources */,
			);
			runOnlyForDeploymentPostprocessing = 0;
		};
		2D02E4771E0B4A5D006451C7 /* Sources */ = {
			isa = PBXSourcesBuildPhase;
			buildActionMask = 2147483647;
			files = (
				2D02E4BF1E0B4AB3006451C7 /* main.m in Sources */,
				2D02E4BC1E0B4A80006451C7 /* AppDelegate.m in Sources */,
			);
			runOnlyForDeploymentPostprocessing = 0;
		};
		2D02E48C1E0B4A5D006451C7 /* Sources */ = {
			isa = PBXSourcesBuildPhase;
			buildActionMask = 2147483647;
			files = (
				2DCD954D1E0B4F2C00145EB5 /* saleseyesTests.m in Sources */,
			);
			runOnlyForDeploymentPostprocessing = 0;
		};
/* End PBXSourcesBuildPhase section */

/* Begin PBXTargetDependency section */
		00E356F51AD99517003FC87E /* PBXTargetDependency */ = {
			isa = PBXTargetDependency;
			target = 13B07F861A680F5B00A75B9A /* saleseyes */;
			targetProxy = 00E356F41AD99517003FC87E /* PBXContainerItemProxy */;
		};
		2D02E4921E0B4A5D006451C7 /* PBXTargetDependency */ = {
			isa = PBXTargetDependency;
			target = 2D02E47A1E0B4A5D006451C7 /* saleseyes-tvOS */;
			targetProxy = 2D02E4911E0B4A5D006451C7 /* PBXContainerItemProxy */;
		};
/* End PBXTargetDependency section */

/* Begin XCBuildConfiguration section */
		00E356F61AD99517003FC87E /* Debug */ = {
			isa = XCBuildConfiguration;
			baseConfigurationReference = 11A821FA407DDC0ED765A1CF /* Pods-saleseyes-saleseyesTests.debug.xcconfig */;
			buildSettings = {
				BUNDLE_LOADER = "$(TEST_HOST)";
				GCC_PREPROCESSOR_DEFINITIONS = (
					"DEBUG=1",
					"$(inherited)",
				);
				INFOPLIST_FILE = saleseyesTests/Info.plist;
				IPHONEOS_DEPLOYMENT_TARGET = 10.0;
				LD_RUNPATH_SEARCH_PATHS = "$(inherited) @executable_path/Frameworks @loader_path/Frameworks";
				OTHER_LDFLAGS = (
					"-ObjC",
					"-lc++",
					"$(inherited)",
				);
				PRODUCT_BUNDLE_IDENTIFIER = "org.reactjs.native.example.$(PRODUCT_NAME:rfc1034identifier)";
				PRODUCT_NAME = "$(TARGET_NAME)";
				TEST_HOST = "$(BUILT_PRODUCTS_DIR)/saleseyes.app/saleseyes";
			};
			name = Debug;
		};
		00E356F71AD99517003FC87E /* Release */ = {
			isa = XCBuildConfiguration;
			baseConfigurationReference = 4A7EC80492AF0B234FAD0337 /* Pods-saleseyes-saleseyesTests.release.xcconfig */;
			buildSettings = {
				BUNDLE_LOADER = "$(TEST_HOST)";
				COPY_PHASE_STRIP = NO;
				INFOPLIST_FILE = saleseyesTests/Info.plist;
				IPHONEOS_DEPLOYMENT_TARGET = 10.0;
				LD_RUNPATH_SEARCH_PATHS = "$(inherited) @executable_path/Frameworks @loader_path/Frameworks";
				OTHER_LDFLAGS = (
					"-ObjC",
					"-lc++",
					"$(inherited)",
				);
				PRODUCT_BUNDLE_IDENTIFIER = "org.reactjs.native.example.$(PRODUCT_NAME:rfc1034identifier)";
				PRODUCT_NAME = "$(TARGET_NAME)";
				TEST_HOST = "$(BUILT_PRODUCTS_DIR)/saleseyes.app/saleseyes";
			};
			name = Release;
		};
		13B07F941A680F5B00A75B9A /* Debug */ = {
			isa = XCBuildConfiguration;
			baseConfigurationReference = 7DB8B6D32A75EF498B05AFE7 /* Pods-saleseyes.debug.xcconfig */;
			buildSettings = {
				ASSETCATALOG_COMPILER_APPICON_NAME = AppIcon;
				CLANG_ENABLE_MODULES = YES;
				CODE_SIGN_IDENTITY = "iPhone Developer";
				CODE_SIGN_STYLE = Manual;
				CURRENT_PROJECT_VERSION = 1;
				DEVELOPMENT_TEAM = 8U8LW972MB;
				ENABLE_BITCODE = NO;
				INFOPLIST_FILE = saleseyes/Info.plist;
				LD_RUNPATH_SEARCH_PATHS = "$(inherited) @executable_path/Frameworks";
				OTHER_LDFLAGS = (
					"$(inherited)",
					"-ObjC",
					"-lc++",
				);
				PRODUCT_BUNDLE_IDENTIFIER = com.ios.saleseyes;
				PRODUCT_NAME = saleseyes;
				PROVISIONING_PROFILE_SPECIFIER = SalesEyeIOSDev;
				SWIFT_OPTIMIZATION_LEVEL = "-Onone";
				SWIFT_VERSION = 5.0;
				VERSIONING_SYSTEM = "apple-generic";
			};
			name = Debug;
		};
		13B07F951A680F5B00A75B9A /* Release */ = {
			isa = XCBuildConfiguration;
			baseConfigurationReference = 40A050110C2738F9B5EEB499 /* Pods-saleseyes.release.xcconfig */;
			buildSettings = {
				ASSETCATALOG_COMPILER_APPICON_NAME = AppIcon;
				CLANG_ENABLE_MODULES = YES;
				CODE_SIGN_IDENTITY = "iPhone Developer";
				CODE_SIGN_STYLE = Manual;
				CURRENT_PROJECT_VERSION = 1;
				DEVELOPMENT_TEAM = 8U8LW972MB;
				INFOPLIST_FILE = saleseyes/Info.plist;
				LD_RUNPATH_SEARCH_PATHS = "$(inherited) @executable_path/Frameworks";
				OTHER_LDFLAGS = (
					"$(inherited)",
					"-ObjC",
					"-lc++",
				);
				PRODUCT_BUNDLE_IDENTIFIER = com.ios.saleseyes;
				PRODUCT_NAME = saleseyes;
				PROVISIONING_PROFILE_SPECIFIER = SalesEyeIOSDev;
				SWIFT_VERSION = 5.0;
				VERSIONING_SYSTEM = "apple-generic";
			};
			name = Release;
		};
		2D02E4971E0B4A5E006451C7 /* Debug */ = {
			isa = XCBuildConfiguration;
			baseConfigurationReference = AAF3B6C531193C00AECD209C /* Pods-saleseyes-tvOS.debug.xcconfig */;
			buildSettings = {
				ASSETCATALOG_COMPILER_APPICON_NAME = "App Icon & Top Shelf Image";
				ASSETCATALOG_COMPILER_LAUNCHIMAGE_NAME = LaunchImage;
				CLANG_ANALYZER_NONNULL = YES;
				CLANG_WARN_DOCUMENTATION_COMMENTS = YES;
				CLANG_WARN_INFINITE_RECURSION = YES;
				CLANG_WARN_SUSPICIOUS_MOVE = YES;
				DEBUG_INFORMATION_FORMAT = dwarf;
				ENABLE_TESTABILITY = YES;
				GCC_NO_COMMON_BLOCKS = YES;
				INFOPLIST_FILE = "saleseyes-tvOS/Info.plist";
				LD_RUNPATH_SEARCH_PATHS = "$(inherited) @executable_path/Frameworks";
				OTHER_LDFLAGS = (
					"$(inherited)",
					"-ObjC",
					"-lc++",
				);
				PRODUCT_BUNDLE_IDENTIFIER = "org.reactjs.native.example.saleseyes-tvOS";
				PRODUCT_NAME = "$(TARGET_NAME)";
				SDKROOT = appletvos;
				TARGETED_DEVICE_FAMILY = 3;
				TVOS_DEPLOYMENT_TARGET = 10.0;
			};
			name = Debug;
		};
		2D02E4981E0B4A5E006451C7 /* Release */ = {
			isa = XCBuildConfiguration;
			baseConfigurationReference = 83B1FFCC548DA4CC32E2D942 /* Pods-saleseyes-tvOS.release.xcconfig */;
			buildSettings = {
				ASSETCATALOG_COMPILER_APPICON_NAME = "App Icon & Top Shelf Image";
				ASSETCATALOG_COMPILER_LAUNCHIMAGE_NAME = LaunchImage;
				CLANG_ANALYZER_NONNULL = YES;
				CLANG_WARN_DOCUMENTATION_COMMENTS = YES;
				CLANG_WARN_INFINITE_RECURSION = YES;
				CLANG_WARN_SUSPICIOUS_MOVE = YES;
				COPY_PHASE_STRIP = NO;
				DEBUG_INFORMATION_FORMAT = "dwarf-with-dsym";
				GCC_NO_COMMON_BLOCKS = YES;
				INFOPLIST_FILE = "saleseyes-tvOS/Info.plist";
				LD_RUNPATH_SEARCH_PATHS = "$(inherited) @executable_path/Frameworks";
				OTHER_LDFLAGS = (
					"$(inherited)",
					"-ObjC",
					"-lc++",
				);
				PRODUCT_BUNDLE_IDENTIFIER = "org.reactjs.native.example.saleseyes-tvOS";
				PRODUCT_NAME = "$(TARGET_NAME)";
				SDKROOT = appletvos;
				TARGETED_DEVICE_FAMILY = 3;
				TVOS_DEPLOYMENT_TARGET = 10.0;
			};
			name = Release;
		};
		2D02E4991E0B4A5E006451C7 /* Debug */ = {
			isa = XCBuildConfiguration;
			baseConfigurationReference = 0FAC092D547085A113B1EB22 /* Pods-saleseyes-tvOSTests.debug.xcconfig */;
			buildSettings = {
				BUNDLE_LOADER = "$(TEST_HOST)";
				CLANG_ANALYZER_NONNULL = YES;
				CLANG_WARN_DOCUMENTATION_COMMENTS = YES;
				CLANG_WARN_INFINITE_RECURSION = YES;
				CLANG_WARN_SUSPICIOUS_MOVE = YES;
				DEBUG_INFORMATION_FORMAT = dwarf;
				ENABLE_TESTABILITY = YES;
				GCC_NO_COMMON_BLOCKS = YES;
				INFOPLIST_FILE = "saleseyes-tvOSTests/Info.plist";
				LD_RUNPATH_SEARCH_PATHS = "$(inherited) @executable_path/Frameworks @loader_path/Frameworks";
				OTHER_LDFLAGS = (
					"$(inherited)",
					"-ObjC",
					"-lc++",
				);
				PRODUCT_BUNDLE_IDENTIFIER = "org.reactjs.native.example.saleseyes-tvOSTests";
				PRODUCT_NAME = "$(TARGET_NAME)";
				SDKROOT = appletvos;
				TEST_HOST = "$(BUILT_PRODUCTS_DIR)/saleseyes-tvOS.app/saleseyes-tvOS";
				TVOS_DEPLOYMENT_TARGET = 10.1;
			};
			name = Debug;
		};
		2D02E49A1E0B4A5E006451C7 /* Release */ = {
			isa = XCBuildConfiguration;
			baseConfigurationReference = 7A31785E13A7CA5F200137B0 /* Pods-saleseyes-tvOSTests.release.xcconfig */;
			buildSettings = {
				BUNDLE_LOADER = "$(TEST_HOST)";
				CLANG_ANALYZER_NONNULL = YES;
				CLANG_WARN_DOCUMENTATION_COMMENTS = YES;
				CLANG_WARN_INFINITE_RECURSION = YES;
				CLANG_WARN_SUSPICIOUS_MOVE = YES;
				COPY_PHASE_STRIP = NO;
				DEBUG_INFORMATION_FORMAT = "dwarf-with-dsym";
				GCC_NO_COMMON_BLOCKS = YES;
				INFOPLIST_FILE = "saleseyes-tvOSTests/Info.plist";
				LD_RUNPATH_SEARCH_PATHS = "$(inherited) @executable_path/Frameworks @loader_path/Frameworks";
				OTHER_LDFLAGS = (
					"$(inherited)",
					"-ObjC",
					"-lc++",
				);
				PRODUCT_BUNDLE_IDENTIFIER = "org.reactjs.native.example.saleseyes-tvOSTests";
				PRODUCT_NAME = "$(TARGET_NAME)";
				SDKROOT = appletvos;
				TEST_HOST = "$(BUILT_PRODUCTS_DIR)/saleseyes-tvOS.app/saleseyes-tvOS";
				TVOS_DEPLOYMENT_TARGET = 10.1;
			};
			name = Release;
		};
		83CBBA201A601CBA00E9B192 /* Debug */ = {
			isa = XCBuildConfiguration;
			buildSettings = {
				ALWAYS_SEARCH_USER_PATHS = NO;
				CLANG_ANALYZER_LOCALIZABILITY_NONLOCALIZED = YES;
				CLANG_CXX_LANGUAGE_STANDARD = "gnu++0x";
				CLANG_CXX_LIBRARY = "libc++";
				CLANG_ENABLE_MODULES = YES;
				CLANG_ENABLE_OBJC_ARC = YES;
				CLANG_WARN_BLOCK_CAPTURE_AUTORELEASING = YES;
				CLANG_WARN_BOOL_CONVERSION = YES;
				CLANG_WARN_COMMA = YES;
				CLANG_WARN_CONSTANT_CONVERSION = YES;
				CLANG_WARN_DEPRECATED_OBJC_IMPLEMENTATIONS = YES;
				CLANG_WARN_DIRECT_OBJC_ISA_USAGE = YES_ERROR;
				CLANG_WARN_EMPTY_BODY = YES;
				CLANG_WARN_ENUM_CONVERSION = YES;
				CLANG_WARN_INFINITE_RECURSION = YES;
				CLANG_WARN_INT_CONVERSION = YES;
				CLANG_WARN_NON_LITERAL_NULL_CONVERSION = YES;
				CLANG_WARN_OBJC_IMPLICIT_RETAIN_SELF = YES;
				CLANG_WARN_OBJC_LITERAL_CONVERSION = YES;
				CLANG_WARN_OBJC_ROOT_CLASS = YES_ERROR;
				CLANG_WARN_RANGE_LOOP_ANALYSIS = YES;
				CLANG_WARN_STRICT_PROTOTYPES = YES;
				CLANG_WARN_SUSPICIOUS_MOVE = YES;
				CLANG_WARN_UNREACHABLE_CODE = YES;
				CLANG_WARN__DUPLICATE_METHOD_MATCH = YES;
				"CODE_SIGN_IDENTITY[sdk=iphoneos*]" = "iPhone Developer";
				COPY_PHASE_STRIP = NO;
				ENABLE_STRICT_OBJC_MSGSEND = YES;
				ENABLE_TESTABILITY = YES;
				GCC_C_LANGUAGE_STANDARD = gnu99;
				GCC_DYNAMIC_NO_PIC = NO;
				GCC_NO_COMMON_BLOCKS = YES;
				GCC_OPTIMIZATION_LEVEL = 0;
				GCC_PREPROCESSOR_DEFINITIONS = (
					"DEBUG=1",
					"$(inherited)",
				);
				GCC_SYMBOLS_PRIVATE_EXTERN = NO;
				GCC_WARN_64_TO_32_BIT_CONVERSION = YES;
				GCC_WARN_ABOUT_RETURN_TYPE = YES_ERROR;
				GCC_WARN_UNDECLARED_SELECTOR = YES;
				GCC_WARN_UNINITIALIZED_AUTOS = YES_AGGRESSIVE;
				GCC_WARN_UNUSED_FUNCTION = YES;
				GCC_WARN_UNUSED_VARIABLE = YES;
				IPHONEOS_DEPLOYMENT_TARGET = 10.0;
				LD_RUNPATH_SEARCH_PATHS = "/usr/lib/swift $(inherited)";
				LIBRARY_SEARCH_PATHS = (
					"\"$(TOOLCHAIN_DIR)/usr/lib/swift/$(PLATFORM_NAME)\"",
					"\"$(TOOLCHAIN_DIR)/usr/lib/swift-5.0/$(PLATFORM_NAME)\"",
					"\"$(inherited)\"",
				);
				MTL_ENABLE_DEBUG_INFO = YES;
				ONLY_ACTIVE_ARCH = YES;
				SDKROOT = iphoneos;
			};
			name = Debug;
		};
		83CBBA211A601CBA00E9B192 /* Release */ = {
			isa = XCBuildConfiguration;
			buildSettings = {
				ALWAYS_SEARCH_USER_PATHS = NO;
				CLANG_ANALYZER_LOCALIZABILITY_NONLOCALIZED = YES;
				CLANG_CXX_LANGUAGE_STANDARD = "gnu++0x";
				CLANG_CXX_LIBRARY = "libc++";
				CLANG_ENABLE_MODULES = YES;
				CLANG_ENABLE_OBJC_ARC = YES;
				CLANG_WARN_BLOCK_CAPTURE_AUTORELEASING = YES;
				CLANG_WARN_BOOL_CONVERSION = YES;
				CLANG_WARN_COMMA = YES;
				CLANG_WARN_CONSTANT_CONVERSION = YES;
				CLANG_WARN_DEPRECATED_OBJC_IMPLEMENTATIONS = YES;
				CLANG_WARN_DIRECT_OBJC_ISA_USAGE = YES_ERROR;
				CLANG_WARN_EMPTY_BODY = YES;
				CLANG_WARN_ENUM_CONVERSION = YES;
				CLANG_WARN_INFINITE_RECURSION = YES;
				CLANG_WARN_INT_CONVERSION = YES;
				CLANG_WARN_NON_LITERAL_NULL_CONVERSION = YES;
				CLANG_WARN_OBJC_IMPLICIT_RETAIN_SELF = YES;
				CLANG_WARN_OBJC_LITERAL_CONVERSION = YES;
				CLANG_WARN_OBJC_ROOT_CLASS = YES_ERROR;
				CLANG_WARN_RANGE_LOOP_ANALYSIS = YES;
				CLANG_WARN_STRICT_PROTOTYPES = YES;
				CLANG_WARN_SUSPICIOUS_MOVE = YES;
				CLANG_WARN_UNREACHABLE_CODE = YES;
				CLANG_WARN__DUPLICATE_METHOD_MATCH = YES;
				"CODE_SIGN_IDENTITY[sdk=iphoneos*]" = "iPhone Developer";
				COPY_PHASE_STRIP = YES;
				ENABLE_NS_ASSERTIONS = NO;
				ENABLE_STRICT_OBJC_MSGSEND = YES;
				GCC_C_LANGUAGE_STANDARD = gnu99;
				GCC_NO_COMMON_BLOCKS = YES;
				GCC_WARN_64_TO_32_BIT_CONVERSION = YES;
				GCC_WARN_ABOUT_RETURN_TYPE = YES_ERROR;
				GCC_WARN_UNDECLARED_SELECTOR = YES;
				GCC_WARN_UNINITIALIZED_AUTOS = YES_AGGRESSIVE;
				GCC_WARN_UNUSED_FUNCTION = YES;
				GCC_WARN_UNUSED_VARIABLE = YES;
				IPHONEOS_DEPLOYMENT_TARGET = 10.0;
				LD_RUNPATH_SEARCH_PATHS = "/usr/lib/swift $(inherited)";
				LIBRARY_SEARCH_PATHS = (
					"\"$(TOOLCHAIN_DIR)/usr/lib/swift/$(PLATFORM_NAME)\"",
					"\"$(TOOLCHAIN_DIR)/usr/lib/swift-5.0/$(PLATFORM_NAME)\"",
					"\"$(inherited)\"",
				);
				MTL_ENABLE_DEBUG_INFO = NO;
				SDKROOT = iphoneos;
				VALIDATE_PRODUCT = YES;
			};
			name = Release;
		};
/* End XCBuildConfiguration section */

/* Begin XCConfigurationList section */
		00E357021AD99517003FC87E /* Build configuration list for PBXNativeTarget "saleseyesTests" */ = {
			isa = XCConfigurationList;
			buildConfigurations = (
				00E356F61AD99517003FC87E /* Debug */,
				00E356F71AD99517003FC87E /* Release */,
			);
			defaultConfigurationIsVisible = 0;
			defaultConfigurationName = Release;
		};
		13B07F931A680F5B00A75B9A /* Build configuration list for PBXNativeTarget "saleseyes" */ = {
			isa = XCConfigurationList;
			buildConfigurations = (
				13B07F941A680F5B00A75B9A /* Debug */,
				13B07F951A680F5B00A75B9A /* Release */,
			);
			defaultConfigurationIsVisible = 0;
			defaultConfigurationName = Release;
		};
		2D02E4BA1E0B4A5E006451C7 /* Build configuration list for PBXNativeTarget "saleseyes-tvOS" */ = {
			isa = XCConfigurationList;
			buildConfigurations = (
				2D02E4971E0B4A5E006451C7 /* Debug */,
				2D02E4981E0B4A5E006451C7 /* Release */,
			);
			defaultConfigurationIsVisible = 0;
			defaultConfigurationName = Release;
		};
		2D02E4BB1E0B4A5E006451C7 /* Build configuration list for PBXNativeTarget "saleseyes-tvOSTests" */ = {
			isa = XCConfigurationList;
			buildConfigurations = (
				2D02E4991E0B4A5E006451C7 /* Debug */,
				2D02E49A1E0B4A5E006451C7 /* Release */,
			);
			defaultConfigurationIsVisible = 0;
			defaultConfigurationName = Release;
		};
		83CBB9FA1A601CBA00E9B192 /* Build configuration list for PBXProject "saleseyes" */ = {
			isa = XCConfigurationList;
			buildConfigurations = (
				83CBBA201A601CBA00E9B192 /* Debug */,
				83CBBA211A601CBA00E9B192 /* Release */,
			);
			defaultConfigurationIsVisible = 0;
			defaultConfigurationName = Release;
		};
/* End XCConfigurationList section */
	};
	rootObject = 83CBB9F71A601CBA00E9B192 /* Project object */;
}
